
Microsoft Visual Studio Solution File, Format Version 11.00
# Visual Studio 2010
Project("{8BC9CEB8-8B4A-11D0-8D11-00A0C91BC942}") = "App_BulletExampleBrowser", "App_BulletExampleBrowser.vcxproj", "{592A6D10-F7A9-CA40-AB80-2E50DA7F29F4}"
	ProjectSection(ProjectDependencies) = postProject
		{038E8647-6217-FD43-BF59-2C18F62A1D35} = {038E8647-6217-FD43-BF59-2C18F62A1D35}
		{3CBF150F-CE4E-E844-A725-982BCC4EB137} = {3CBF150F-CE4E-E844-A725-982BCC4EB137}
		{0973471F-5899-684E-970C-CFB595DC575E} = {0973471F-5899-684E-970C-CFB595DC575E}
		{9326FCE8-BFD8-F14D-BB59-D6A1AB26226C} = {9326FCE8-BFD8-F14D-BB59-D6A1AB26226C}
		{E9946B36-750F-0F46-8DD1-F5754A6D5A8C} = {E9946B36-750F-0F46-8DD1-F5754A6D5A8C}
		{F397CC93-F3FA-8446-8BBC-E27606464971} = {F397CC93-F3FA-8446-8BBC-E27606464971}
		{8F114386-F6CF-BA45-BF5A-D477A80AE521} = {8F114386-F6CF-BA45-BF5A-D477A80AE521}
		{7C3A0F8A-2319-2741-8AAC-0180A7BDBAD8} = {7C3A0F8A-2319-2741-8AAC-0180A7BDBAD8}
		{1C52D459-58D6-3947-8890-9D116C4B5F4D} = {1C52D459-58D6-3947-8890-9D116C4B5F4D}
		{E52D3F0E-1539-FF45-AB7F-F6A8D65E4300} = {E52D3F0E-1539-FF45-AB7F-F6A8D65E4300}
		{1431F78F-2665-D04B-95D0-8B8CE647E4CA} = {1431F78F-2665-D04B-95D0-8B8CE647E4CA}
		{522E8099-7F54-094D-9D32-8CFDBBA50DD6} = {522E8099-7F54-094D-9D32-8CFDBBA50DD6}
		{227DC4BA-0362-8B48-8292-BD2B91273E5C} = {227DC4BA-0362-8B48-8292-BD2B91273E5C}
		{B1F79A05-C993-7E4B-B5E0-6ADD3899EEEB} = {B1F79A05-C993-7E4B-B5E0-6ADD3899EEEB}
		{DCB518E0-0936-7244-BB91-5085CAE17FE7} = {DCB518E0-0936-7244-BB91-5085CAE17FE7}
	EndProjectSection
EndProject
Project("{8BC9CEB8-8B4A-11D0-8D11-00A0C91BC942}") = "BulletExampleBrowserLib", "BulletExampleBrowserLib.vcxproj", "{038E8647-6217-FD43-BF59-2C18F62A1D35}"
EndProject
Project("{8BC9CEB8-8B4A-11D0-8D11-00A0C91BC942}") = "OpenGL_Window", "OpenGL_Window.vcxproj", "{0973471F-5899-684E-970C-CFB595DC575E}"
EndProject
Project("{8BC9CEB8-8B4A-11D0-8D11-00A0C91BC942}") = "gwen", "gwen.vcxproj", "{3CBF150F-CE4E-E844-A725-982BCC4EB137}"
EndProject
Project("{8BC9CEB8-8B4A-11D0-8D11-00A0C91BC942}") = "App_SimpleOpenGL3", "App_SimpleOpenGL3.vcxproj", "{96F7B9BA-B8B4-F943-B564-32292C37EDE1}"
	ProjectSection(ProjectDependencies) = postProject
		{0973471F-5899-684E-970C-CFB595DC575E} = {0973471F-5899-684E-970C-CFB595DC575E}
		{1431F78F-2665-D04B-95D0-8B8CE647E4CA} = {1431F78F-2665-D04B-95D0-8B8CE647E4CA}
	EndProjectSection
EndProject
Project("{8BC9CEB8-8B4A-11D0-8D11-00A0C91BC942}") = "App_TinyRenderer", "App_TinyRenderer.vcxproj", "{BB93C6D7-AB2F-F04F-8F59-8C172779460B}"
	ProjectSection(ProjectDependencies) = postProject
		{0973471F-5899-684E-970C-CFB595DC575E} = {0973471F-5899-684E-970C-CFB595DC575E}
		{1431F78F-2665-D04B-95D0-8B8CE647E4CA} = {1431F78F-2665-D04B-95D0-8B8CE647E4CA}
	EndProjectSection
EndProject
Project("{8BC9CEB8-8B4A-11D0-8D11-00A0C91BC942}") = "App_HelloWorld", "App_HelloWorld.vcxproj", "{8511CB66-DE6C-5C4F-8867-4BD3D436F7CB}"
	ProjectSection(ProjectDependencies) = postProject
		{8F114386-F6CF-BA45-BF5A-D477A80AE521} = {8F114386-F6CF-BA45-BF5A-D477A80AE521}
		{7C3A0F8A-2319-2741-8AAC-0180A7BDBAD8} = {7C3A0F8A-2319-2741-8AAC-0180A7BDBAD8}
		{1C52D459-58D6-3947-8890-9D116C4B5F4D} = {1C52D459-58D6-3947-8890-9D116C4B5F4D}
	EndProjectSection
EndProject
Project("{8BC9CEB8-8B4A-11D0-8D11-00A0C91BC942}") = "App_BasicExample", "App_BasicExample.vcxproj", "{F782E553-3EA1-974F-AE89-1911D7236B0D}"
	ProjectSection(ProjectDependencies) = postProject
		{8F114386-F6CF-BA45-BF5A-D477A80AE521} = {8F114386-F6CF-BA45-BF5A-D477A80AE521}
		{7C3A0F8A-2319-2741-8AAC-0180A7BDBAD8} = {7C3A0F8A-2319-2741-8AAC-0180A7BDBAD8}
		{1C52D459-58D6-3947-8890-9D116C4B5F4D} = {1C52D459-58D6-3947-8890-9D116C4B5F4D}
	EndProjectSection
EndProject
Project("{8BC9CEB8-8B4A-11D0-8D11-00A0C91BC942}") = "App_BasicExampleGui", "App_BasicExampleGui.vcxproj", "{9E951E78-0F63-1A41-8318-45779CC9F153}"
	ProjectSection(ProjectDependencies) = postProject
		{8F114386-F6CF-BA45-BF5A-D477A80AE521} = {8F114386-F6CF-BA45-BF5A-D477A80AE521}
		{7C3A0F8A-2319-2741-8AAC-0180A7BDBAD8} = {7C3A0F8A-2319-2741-8AAC-0180A7BDBAD8}
		{1C52D459-58D6-3947-8890-9D116C4B5F4D} = {1C52D459-58D6-3947-8890-9D116C4B5F4D}
		{0973471F-5899-684E-970C-CFB595DC575E} = {0973471F-5899-684E-970C-CFB595DC575E}
		{1431F78F-2665-D04B-95D0-8B8CE647E4CA} = {1431F78F-2665-D04B-95D0-8B8CE647E4CA}
	EndProjectSection
EndProject
Project("{8BC9CEB8-8B4A-11D0-8D11-00A0C91BC942}") = "App_BasicExampleGuiWithSoftwareRenderer", "App_BasicExampleGuiWithSoftwareRenderer.vcxproj", "{8B5CC7FE-D1AC-4C40-B9EC-A04339D1754F}"
	ProjectSection(ProjectDependencies) = postProject
		{8F114386-F6CF-BA45-BF5A-D477A80AE521} = {8F114386-F6CF-BA45-BF5A-D477A80AE521}
		{7C3A0F8A-2319-2741-8AAC-0180A7BDBAD8} = {7C3A0F8A-2319-2741-8AAC-0180A7BDBAD8}
		{1C52D459-58D6-3947-8890-9D116C4B5F4D} = {1C52D459-58D6-3947-8890-9D116C4B5F4D}
		{0973471F-5899-684E-970C-CFB595DC575E} = {0973471F-5899-684E-970C-CFB595DC575E}
		{1431F78F-2665-D04B-95D0-8B8CE647E4CA} = {1431F78F-2665-D04B-95D0-8B8CE647E4CA}
	EndProjectSection
EndProject
Project("{8BC9CEB8-8B4A-11D0-8D11-00A0C91BC942}") = "App_BasicExampleTinyRenderer", "App_BasicExampleTinyRenderer.vcxproj", "{858F6402-616A-4C43-92A4-DF1454CBE5CF}"
	ProjectSection(ProjectDependencies) = postProject
		{8F114386-F6CF-BA45-BF5A-D477A80AE521} = {8F114386-F6CF-BA45-BF5A-D477A80AE521}
		{7C3A0F8A-2319-2741-8AAC-0180A7BDBAD8} = {7C3A0F8A-2319-2741-8AAC-0180A7BDBAD8}
		{1C52D459-58D6-3947-8890-9D116C4B5F4D} = {1C52D459-58D6-3947-8890-9D116C4B5F4D}
		{1431F78F-2665-D04B-95D0-8B8CE647E4CA} = {1431F78F-2665-D04B-95D0-8B8CE647E4CA}
	EndProjectSection
EndProject
Project("{8BC9CEB8-8B4A-11D0-8D11-00A0C91BC942}") = "App_BasicExampleVR", "App_BasicExampleVR.vcxproj", "{6AB277E1-D0CE-954B-8C75-0F1B54C0DECD}"
	ProjectSection(ProjectDependencies) = postProject
		{8F114386-F6CF-BA45-BF5A-D477A80AE521} = {8F114386-F6CF-BA45-BF5A-D477A80AE521}
		{7C3A0F8A-2319-2741-8AAC-0180A7BDBAD8} = {7C3A0F8A-2319-2741-8AAC-0180A7BDBAD8}
		{1C52D459-58D6-3947-8890-9D116C4B5F4D} = {1C52D459-58D6-3947-8890-9D116C4B5F4D}
		{0973471F-5899-684E-970C-CFB595DC575E} = {0973471F-5899-684E-970C-CFB595DC575E}
		{1431F78F-2665-D04B-95D0-8B8CE647E4CA} = {1431F78F-2665-D04B-95D0-8B8CE647E4CA}
	EndProjectSection
EndProject
Project("{8BC9CEB8-8B4A-11D0-8D11-00A0C91BC942}") = "App_InverseDynamicsExample", "App_InverseDynamicsExample.vcxproj", "{0F0C00BF-794B-3D4E-87B9-C022F958A9C0}"
	ProjectSection(ProjectDependencies) = postProject
		{E9946B36-750F-0F46-8DD1-F5754A6D5A8C} = {E9946B36-750F-0F46-8DD1-F5754A6D5A8C}
		{F397CC93-F3FA-8446-8BBC-E27606464971} = {F397CC93-F3FA-8446-8BBC-E27606464971}
		{1431F78F-2665-D04B-95D0-8B8CE647E4CA} = {1431F78F-2665-D04B-95D0-8B8CE647E4CA}
		{8F114386-F6CF-BA45-BF5A-D477A80AE521} = {8F114386-F6CF-BA45-BF5A-D477A80AE521}
		{7C3A0F8A-2319-2741-8AAC-0180A7BDBAD8} = {7C3A0F8A-2319-2741-8AAC-0180A7BDBAD8}
		{1C52D459-58D6-3947-8890-9D116C4B5F4D} = {1C52D459-58D6-3947-8890-9D116C4B5F4D}
	EndProjectSection
EndProject
Project("{8BC9CEB8-8B4A-11D0-8D11-00A0C91BC942}") = "App_InverseDynamicsExampleGui", "App_InverseDynamicsExampleGui.vcxproj", "{3F0E41BE-B31D-9840-8594-AF976998ED62}"
	ProjectSection(ProjectDependencies) = postProject
		{E9946B36-750F-0F46-8DD1-F5754A6D5A8C} = {E9946B36-750F-0F46-8DD1-F5754A6D5A8C}
		{F397CC93-F3FA-8446-8BBC-E27606464971} = {F397CC93-F3FA-8446-8BBC-E27606464971}
		{8F114386-F6CF-BA45-BF5A-D477A80AE521} = {8F114386-F6CF-BA45-BF5A-D477A80AE521}
		{7C3A0F8A-2319-2741-8AAC-0180A7BDBAD8} = {7C3A0F8A-2319-2741-8AAC-0180A7BDBAD8}
		{1C52D459-58D6-3947-8890-9D116C4B5F4D} = {1C52D459-58D6-3947-8890-9D116C4B5F4D}
		{0973471F-5899-684E-970C-CFB595DC575E} = {0973471F-5899-684E-970C-CFB595DC575E}
		{1431F78F-2665-D04B-95D0-8B8CE647E4CA} = {1431F78F-2665-D04B-95D0-8B8CE647E4CA}
	EndProjectSection
EndProject
Project("{8BC9CEB8-8B4A-11D0-8D11-00A0C91BC942}") = "App_InverseDynamicsExampleGuiWithSoftwareRenderer", "App_InverseDynamicsExampleGuiWithSoftwareRenderer.vcxproj", "{7FD627D0-0D5A-5C42-8897-C06893459436}"
	ProjectSection(ProjectDependencies) = postProject
		{E9946B36-750F-0F46-8DD1-F5754A6D5A8C} = {E9946B36-750F-0F46-8DD1-F5754A6D5A8C}
		{F397CC93-F3FA-8446-8BBC-E27606464971} = {F397CC93-F3FA-8446-8BBC-E27606464971}
		{8F114386-F6CF-BA45-BF5A-D477A80AE521} = {8F114386-F6CF-BA45-BF5A-D477A80AE521}
		{7C3A0F8A-2319-2741-8AAC-0180A7BDBAD8} = {7C3A0F8A-2319-2741-8AAC-0180A7BDBAD8}
		{1C52D459-58D6-3947-8890-9D116C4B5F4D} = {1C52D459-58D6-3947-8890-9D116C4B5F4D}
		{0973471F-5899-684E-970C-CFB595DC575E} = {0973471F-5899-684E-970C-CFB595DC575E}
		{1431F78F-2665-D04B-95D0-8B8CE647E4CA} = {1431F78F-2665-D04B-95D0-8B8CE647E4CA}
	EndProjectSection
EndProject
Project("{8BC9CEB8-8B4A-11D0-8D11-00A0C91BC942}") = "App_InverseDynamicsExampleTinyRenderer", "App_InverseDynamicsExampleTinyRenderer.vcxproj", "{07AAF56F-5BC2-B447-B0B0-3B611B96326D}"
	ProjectSection(ProjectDependencies) = postProject
		{E9946B36-750F-0F46-8DD1-F5754A6D5A8C} = {E9946B36-750F-0F46-8DD1-F5754A6D5A8C}
		{F397CC93-F3FA-8446-8BBC-E27606464971} = {F397CC93-F3FA-8446-8BBC-E27606464971}
		{8F114386-F6CF-BA45-BF5A-D477A80AE521} = {8F114386-F6CF-BA45-BF5A-D477A80AE521}
		{7C3A0F8A-2319-2741-8AAC-0180A7BDBAD8} = {7C3A0F8A-2319-2741-8AAC-0180A7BDBAD8}
		{1C52D459-58D6-3947-8890-9D116C4B5F4D} = {1C52D459-58D6-3947-8890-9D116C4B5F4D}
		{1431F78F-2665-D04B-95D0-8B8CE647E4CA} = {1431F78F-2665-D04B-95D0-8B8CE647E4CA}
	EndProjectSection
EndProject
Project("{8BC9CEB8-8B4A-11D0-8D11-00A0C91BC942}") = "App_RigidBodyFromObjExample", "App_RigidBodyFromObjExample.vcxproj", "{3CDD09AA-FD9B-6F42-B6D5-3F4CA2F8C24A}"
	ProjectSection(ProjectDependencies) = postProject
		{E9946B36-750F-0F46-8DD1-F5754A6D5A8C} = {E9946B36-750F-0F46-8DD1-F5754A6D5A8C}
		{F397CC93-F3FA-8446-8BBC-E27606464971} = {F397CC93-F3FA-8446-8BBC-E27606464971}
		{1431F78F-2665-D04B-95D0-8B8CE647E4CA} = {1431F78F-2665-D04B-95D0-8B8CE647E4CA}
		{8F114386-F6CF-BA45-BF5A-D477A80AE521} = {8F114386-F6CF-BA45-BF5A-D477A80AE521}
		{7C3A0F8A-2319-2741-8AAC-0180A7BDBAD8} = {7C3A0F8A-2319-2741-8AAC-0180A7BDBAD8}
		{1C52D459-58D6-3947-8890-9D116C4B5F4D} = {1C52D459-58D6-3947-8890-9D116C4B5F4D}
	EndProjectSection
EndProject
Project("{8BC9CEB8-8B4A-11D0-8D11-00A0C91BC942}") = "App_RigidBodyFromObjExampleGui", "App_RigidBodyFromObjExampleGui.vcxproj", "{6520BEFE-F0D6-F942-8520-CE7EF0A34BE7}"
	ProjectSection(ProjectDependencies) = postProject
		{E9946B36-750F-0F46-8DD1-F5754A6D5A8C} = {E9946B36-750F-0F46-8DD1-F5754A6D5A8C}
		{F397CC93-F3FA-8446-8BBC-E27606464971} = {F397CC93-F3FA-8446-8BBC-E27606464971}
		{8F114386-F6CF-BA45-BF5A-D477A80AE521} = {8F114386-F6CF-BA45-BF5A-D477A80AE521}
		{7C3A0F8A-2319-2741-8AAC-0180A7BDBAD8} = {7C3A0F8A-2319-2741-8AAC-0180A7BDBAD8}
		{1C52D459-58D6-3947-8890-9D116C4B5F4D} = {1C52D459-58D6-3947-8890-9D116C4B5F4D}
		{0973471F-5899-684E-970C-CFB595DC575E} = {0973471F-5899-684E-970C-CFB595DC575E}
		{1431F78F-2665-D04B-95D0-8B8CE647E4CA} = {1431F78F-2665-D04B-95D0-8B8CE647E4CA}
	EndProjectSection
EndProject
Project("{8BC9CEB8-8B4A-11D0-8D11-00A0C91BC942}") = "App_RigidBodyFromObjExampleGuiWithSoftwareRenderer", "App_RigidBodyFromObjExampleGuiWithSoftwareRenderer.vcxproj", "{88817F08-EFC2-7E4F-B2BC-FD818E4BF097}"
	ProjectSection(ProjectDependencies) = postProject
		{E9946B36-750F-0F46-8DD1-F5754A6D5A8C} = {E9946B36-750F-0F46-8DD1-F5754A6D5A8C}
		{F397CC93-F3FA-8446-8BBC-E27606464971} = {F397CC93-F3FA-8446-8BBC-E27606464971}
		{8F114386-F6CF-BA45-BF5A-D477A80AE521} = {8F114386-F6CF-BA45-BF5A-D477A80AE521}
		{7C3A0F8A-2319-2741-8AAC-0180A7BDBAD8} = {7C3A0F8A-2319-2741-8AAC-0180A7BDBAD8}
		{1C52D459-58D6-3947-8890-9D116C4B5F4D} = {1C52D459-58D6-3947-8890-9D116C4B5F4D}
		{0973471F-5899-684E-970C-CFB595DC575E} = {0973471F-5899-684E-970C-CFB595DC575E}
		{1431F78F-2665-D04B-95D0-8B8CE647E4CA} = {1431F78F-2665-D04B-95D0-8B8CE647E4CA}
	EndProjectSection
EndProject
Project("{8BC9CEB8-8B4A-11D0-8D11-00A0C91BC942}") = "App_RigidBodyFromObjExampleTinyRenderer", "App_RigidBodyFromObjExampleTinyRenderer.vcxproj", "{BB9836A3-C2D9-5149-8FAC-FFED5B436CDC}"
	ProjectSection(ProjectDependencies) = postProject
		{E9946B36-750F-0F46-8DD1-F5754A6D5A8C} = {E9946B36-750F-0F46-8DD1-F5754A6D5A8C}
		{F397CC93-F3FA-8446-8BBC-E27606464971} = {F397CC93-F3FA-8446-8BBC-E27606464971}
		{8F114386-F6CF-BA45-BF5A-D477A80AE521} = {8F114386-F6CF-BA45-BF5A-D477A80AE521}
		{7C3A0F8A-2319-2741-8AAC-0180A7BDBAD8} = {7C3A0F8A-2319-2741-8AAC-0180A7BDBAD8}
		{1C52D459-58D6-3947-8890-9D116C4B5F4D} = {1C52D459-58D6-3947-8890-9D116C4B5F4D}
		{1431F78F-2665-D04B-95D0-8B8CE647E4CA} = {1431F78F-2665-D04B-95D0-8B8CE647E4CA}
	EndProjectSection
EndProject
Project("{8BC9CEB8-8B4A-11D0-8D11-00A0C91BC942}") = "App_SharedMemoryPhysics", "App_SharedMemoryPhysics.vcxproj", "{987BE59E-3C12-5544-B806-EDCA57167B41}"
	ProjectSection(ProjectDependencies) = postProject
		{1431F78F-2665-D04B-95D0-8B8CE647E4CA} = {1431F78F-2665-D04B-95D0-8B8CE647E4CA}
		{E9946B36-750F-0F46-8DD1-F5754A6D5A8C} = {E9946B36-750F-0F46-8DD1-F5754A6D5A8C}
		{F397CC93-F3FA-8446-8BBC-E27606464971} = {F397CC93-F3FA-8446-8BBC-E27606464971}
		{8F114386-F6CF-BA45-BF5A-D477A80AE521} = {8F114386-F6CF-BA45-BF5A-D477A80AE521}
		{7C3A0F8A-2319-2741-8AAC-0180A7BDBAD8} = {7C3A0F8A-2319-2741-8AAC-0180A7BDBAD8}
		{1C52D459-58D6-3947-8890-9D116C4B5F4D} = {1C52D459-58D6-3947-8890-9D116C4B5F4D}
		{E52D3F0E-1539-FF45-AB7F-F6A8D65E4300} = {E52D3F0E-1539-FF45-AB7F-F6A8D65E4300}
	EndProjectSection
EndProject
Project("{8BC9CEB8-8B4A-11D0-8D11-00A0C91BC942}") = "App_SharedMemoryPhysics_GUI", "App_SharedMemoryPhysics_GUI.vcxproj", "{A92400CC-7F4A-2448-8D90-E9FE91EF7D8E}"
	ProjectSection(ProjectDependencies) = postProject
		{E9946B36-750F-0F46-8DD1-F5754A6D5A8C} = {E9946B36-750F-0F46-8DD1-F5754A6D5A8C}
		{F397CC93-F3FA-8446-8BBC-E27606464971} = {F397CC93-F3FA-8446-8BBC-E27606464971}
		{8F114386-F6CF-BA45-BF5A-D477A80AE521} = {8F114386-F6CF-BA45-BF5A-D477A80AE521}
		{7C3A0F8A-2319-2741-8AAC-0180A7BDBAD8} = {7C3A0F8A-2319-2741-8AAC-0180A7BDBAD8}
		{1C52D459-58D6-3947-8890-9D116C4B5F4D} = {1C52D459-58D6-3947-8890-9D116C4B5F4D}
		{0973471F-5899-684E-970C-CFB595DC575E} = {0973471F-5899-684E-970C-CFB595DC575E}
		{1431F78F-2665-D04B-95D0-8B8CE647E4CA} = {1431F78F-2665-D04B-95D0-8B8CE647E4CA}
		{E52D3F0E-1539-FF45-AB7F-F6A8D65E4300} = {E52D3F0E-1539-FF45-AB7F-F6A8D65E4300}
	EndProjectSection
EndProject
Project("{8BC9CEB8-8B4A-11D0-8D11-00A0C91BC942}") = "App_SharedMemoryPhysics_VR", "App_SharedMemoryPhysics_VR.vcxproj", "{08835539-FDF7-BD43-B3F2-778FFF82B1AA}"
	ProjectSection(ProjectDependencies) = postProject
		{E9946B36-750F-0F46-8DD1-F5754A6D5A8C} = {E9946B36-750F-0F46-8DD1-F5754A6D5A8C}
		{F397CC93-F3FA-8446-8BBC-E27606464971} = {F397CC93-F3FA-8446-8BBC-E27606464971}
		{1431F78F-2665-D04B-95D0-8B8CE647E4CA} = {1431F78F-2665-D04B-95D0-8B8CE647E4CA}
		{8F114386-F6CF-BA45-BF5A-D477A80AE521} = {8F114386-F6CF-BA45-BF5A-D477A80AE521}
		{7C3A0F8A-2319-2741-8AAC-0180A7BDBAD8} = {7C3A0F8A-2319-2741-8AAC-0180A7BDBAD8}
		{1C52D459-58D6-3947-8890-9D116C4B5F4D} = {1C52D459-58D6-3947-8890-9D116C4B5F4D}
		{0973471F-5899-684E-970C-CFB595DC575E} = {0973471F-5899-684E-970C-CFB595DC575E}
		{E52D3F0E-1539-FF45-AB7F-F6A8D65E4300} = {E52D3F0E-1539-FF45-AB7F-F6A8D65E4300}
	EndProjectSection
EndProject
Project("{8BC9CEB8-8B4A-11D0-8D11-00A0C91BC942}") = "App_PhysicsServerSharedMemoryBridgeUDP", "App_PhysicsServerSharedMemoryBridgeUDP.vcxproj", "{B76CF63B-4D7C-9B43-9975-79D95050E512}"
	ProjectSection(ProjectDependencies) = postProject
		{98AD6689-3C00-9A43-B6B0-1B58785685A0} = {98AD6689-3C00-9A43-B6B0-1B58785685A0}
		{992D938B-6627-B547-AAFC-E79966060970} = {992D938B-6627-B547-AAFC-E79966060970}
		{1431F78F-2665-D04B-95D0-8B8CE647E4CA} = {1431F78F-2665-D04B-95D0-8B8CE647E4CA}
		{1C52D459-58D6-3947-8890-9D116C4B5F4D} = {1C52D459-58D6-3947-8890-9D116C4B5F4D}
	EndProjectSection
EndProject
Project("{8BC9CEB8-8B4A-11D0-8D11-00A0C91BC942}") = "App_PhysicsServerUDP", "App_PhysicsServerUDP.vcxproj", "{BAC0E0F0-BDEF-0346-8E0D-1345AEFCEF68}"
	ProjectSection(ProjectDependencies) = postProject
		{98AD6689-3C00-9A43-B6B0-1B58785685A0} = {98AD6689-3C00-9A43-B6B0-1B58785685A0}
		{1431F78F-2665-D04B-95D0-8B8CE647E4CA} = {1431F78F-2665-D04B-95D0-8B8CE647E4CA}
		{E9946B36-750F-0F46-8DD1-F5754A6D5A8C} = {E9946B36-750F-0F46-8DD1-F5754A6D5A8C}
		{F397CC93-F3FA-8446-8BBC-E27606464971} = {F397CC93-F3FA-8446-8BBC-E27606464971}
		{8F114386-F6CF-BA45-BF5A-D477A80AE521} = {8F114386-F6CF-BA45-BF5A-D477A80AE521}
		{7C3A0F8A-2319-2741-8AAC-0180A7BDBAD8} = {7C3A0F8A-2319-2741-8AAC-0180A7BDBAD8}
		{1C52D459-58D6-3947-8890-9D116C4B5F4D} = {1C52D459-58D6-3947-8890-9D116C4B5F4D}
		{E52D3F0E-1539-FF45-AB7F-F6A8D65E4300} = {E52D3F0E-1539-FF45-AB7F-F6A8D65E4300}
	EndProjectSection
EndProject
Project("{8BC9CEB8-8B4A-11D0-8D11-00A0C91BC942}") = "BussIK", "BussIK.vcxproj", "{E52D3F0E-1539-FF45-AB7F-F6A8D65E4300}"
EndProject
Project("{8BC9CEB8-8B4A-11D0-8D11-00A0C91BC942}") = "App_ThreadingTest", "App_ThreadingTest.vcxproj", "{B28E4E85-5381-BF44-A323-74A6FA044D3A}"
	ProjectSection(ProjectDependencies) = postProject
		{1431F78F-2665-D04B-95D0-8B8CE647E4CA} = {1431F78F-2665-D04B-95D0-8B8CE647E4CA}
	EndProjectSection
EndProject
Project("{8BC9CEB8-8B4A-11D0-8D11-00A0C91BC942}") = "pybullet", "pybullet.vcxproj", "{313A5387-0BEB-664F-92A9-596E34A05716}"
	ProjectSection(ProjectDependencies) = postProject
		{038E8647-6217-FD43-BF59-2C18F62A1D35} = {038E8647-6217-FD43-BF59-2C18F62A1D35}
		{3CBF150F-CE4E-E844-A725-982BCC4EB137} = {3CBF150F-CE4E-E844-A725-982BCC4EB137}
		{992D938B-6627-B547-AAFC-E79966060970} = {992D938B-6627-B547-AAFC-E79966060970}
		{B1DACBAA-F9EF-DB4B-8277-E673FBAD8EC7} = {B1DACBAA-F9EF-DB4B-8277-E673FBAD8EC7}
		{0973471F-5899-684E-970C-CFB595DC575E} = {0973471F-5899-684E-970C-CFB595DC575E}
		{9326FCE8-BFD8-F14D-BB59-D6A1AB26226C} = {9326FCE8-BFD8-F14D-BB59-D6A1AB26226C}
		{E9946B36-750F-0F46-8DD1-F5754A6D5A8C} = {E9946B36-750F-0F46-8DD1-F5754A6D5A8C}
		{F397CC93-F3FA-8446-8BBC-E27606464971} = {F397CC93-F3FA-8446-8BBC-E27606464971}
		{8F114386-F6CF-BA45-BF5A-D477A80AE521} = {8F114386-F6CF-BA45-BF5A-D477A80AE521}
		{7C3A0F8A-2319-2741-8AAC-0180A7BDBAD8} = {7C3A0F8A-2319-2741-8AAC-0180A7BDBAD8}
		{1C52D459-58D6-3947-8890-9D116C4B5F4D} = {1C52D459-58D6-3947-8890-9D116C4B5F4D}
		{E52D3F0E-1539-FF45-AB7F-F6A8D65E4300} = {E52D3F0E-1539-FF45-AB7F-F6A8D65E4300}
		{1431F78F-2665-D04B-95D0-8B8CE647E4CA} = {1431F78F-2665-D04B-95D0-8B8CE647E4CA}
		{522E8099-7F54-094D-9D32-8CFDBBA50DD6} = {522E8099-7F54-094D-9D32-8CFDBBA50DD6}
		{227DC4BA-0362-8B48-8292-BD2B91273E5C} = {227DC4BA-0362-8B48-8292-BD2B91273E5C}
		{B1F79A05-C993-7E4B-B5E0-6ADD3899EEEB} = {B1F79A05-C993-7E4B-B5E0-6ADD3899EEEB}
		{DCB518E0-0936-7244-BB91-5085CAE17FE7} = {DCB518E0-0936-7244-BB91-5085CAE17FE7}
		{98AD6689-3C00-9A43-B6B0-1B58785685A0} = {98AD6689-3C00-9A43-B6B0-1B58785685A0}
	EndProjectSection
EndProject
Project("{8BC9CEB8-8B4A-11D0-8D11-00A0C91BC942}") = "Test_SharedMemoryPhysicsClient", "Test_SharedMemoryPhysicsClient.vcxproj", "{3B042534-B527-4B48-9301-1C9EDDBC3B52}"
	ProjectSection(ProjectDependencies) = postProject
		{992D938B-6627-B547-AAFC-E79966060970} = {992D938B-6627-B547-AAFC-E79966060970}
		{1431F78F-2665-D04B-95D0-8B8CE647E4CA} = {1431F78F-2665-D04B-95D0-8B8CE647E4CA}
		{1C52D459-58D6-3947-8890-9D116C4B5F4D} = {1C52D459-58D6-3947-8890-9D116C4B5F4D}
	EndProjectSection
EndProject
Project("{8BC9CEB8-8B4A-11D0-8D11-00A0C91BC942}") = "Test_PhysicsServerLoopBack", "Test_PhysicsServerLoopBack.vcxproj", "{82034E19-69FC-7B4E-8A37-52C2A371C1D1}"
	ProjectSection(ProjectDependencies) = postProject
		{E9946B36-750F-0F46-8DD1-F5754A6D5A8C} = {E9946B36-750F-0F46-8DD1-F5754A6D5A8C}
		{F397CC93-F3FA-8446-8BBC-E27606464971} = {F397CC93-F3FA-8446-8BBC-E27606464971}
		{992D938B-6627-B547-AAFC-E79966060970} = {992D938B-6627-B547-AAFC-E79966060970}
		{B1DACBAA-F9EF-DB4B-8277-E673FBAD8EC7} = {B1DACBAA-F9EF-DB4B-8277-E673FBAD8EC7}
		{1431F78F-2665-D04B-95D0-8B8CE647E4CA} = {1431F78F-2665-D04B-95D0-8B8CE647E4CA}
		{8F114386-F6CF-BA45-BF5A-D477A80AE521} = {8F114386-F6CF-BA45-BF5A-D477A80AE521}
		{7C3A0F8A-2319-2741-8AAC-0180A7BDBAD8} = {7C3A0F8A-2319-2741-8AAC-0180A7BDBAD8}
		{E52D3F0E-1539-FF45-AB7F-F6A8D65E4300} = {E52D3F0E-1539-FF45-AB7F-F6A8D65E4300}
		{1C52D459-58D6-3947-8890-9D116C4B5F4D} = {1C52D459-58D6-3947-8890-9D116C4B5F4D}
	EndProjectSection
EndProject
Project("{8BC9CEB8-8B4A-11D0-8D11-00A0C91BC942}") = "Test_PhysicsServerDirect", "Test_PhysicsServerDirect.vcxproj", "{3C485E48-8847-404C-B080-8CC583D4E23B}"
	ProjectSection(ProjectDependencies) = postProject
		{E9946B36-750F-0F46-8DD1-F5754A6D5A8C} = {E9946B36-750F-0F46-8DD1-F5754A6D5A8C}
		{F397CC93-F3FA-8446-8BBC-E27606464971} = {F397CC93-F3FA-8446-8BBC-E27606464971}
		{992D938B-6627-B547-AAFC-E79966060970} = {992D938B-6627-B547-AAFC-E79966060970}
		{B1DACBAA-F9EF-DB4B-8277-E673FBAD8EC7} = {B1DACBAA-F9EF-DB4B-8277-E673FBAD8EC7}
		{1431F78F-2665-D04B-95D0-8B8CE647E4CA} = {1431F78F-2665-D04B-95D0-8B8CE647E4CA}
		{8F114386-F6CF-BA45-BF5A-D477A80AE521} = {8F114386-F6CF-BA45-BF5A-D477A80AE521}
		{7C3A0F8A-2319-2741-8AAC-0180A7BDBAD8} = {7C3A0F8A-2319-2741-8AAC-0180A7BDBAD8}
		{E52D3F0E-1539-FF45-AB7F-F6A8D65E4300} = {E52D3F0E-1539-FF45-AB7F-F6A8D65E4300}
		{1C52D459-58D6-3947-8890-9D116C4B5F4D} = {1C52D459-58D6-3947-8890-9D116C4B5F4D}
	EndProjectSection
EndProject
Project("{8BC9CEB8-8B4A-11D0-8D11-00A0C91BC942}") = "Test_PhysicsServerInProcessExampleBrowser", "Test_PhysicsServerInProcessExampleBrowser.vcxproj", "{98137E92-E5D3-2F45-B310-1C6C8A1B2E35}"
	ProjectSection(ProjectDependencies) = postProject
		{038E8647-6217-FD43-BF59-2C18F62A1D35} = {038E8647-6217-FD43-BF59-2C18F62A1D35}
		{3CBF150F-CE4E-E844-A725-982BCC4EB137} = {3CBF150F-CE4E-E844-A725-982BCC4EB137}
		{0973471F-5899-684E-970C-CFB595DC575E} = {0973471F-5899-684E-970C-CFB595DC575E}
		{992D938B-6627-B547-AAFC-E79966060970} = {992D938B-6627-B547-AAFC-E79966060970}
		{B1DACBAA-F9EF-DB4B-8277-E673FBAD8EC7} = {B1DACBAA-F9EF-DB4B-8277-E673FBAD8EC7}
		{9326FCE8-BFD8-F14D-BB59-D6A1AB26226C} = {9326FCE8-BFD8-F14D-BB59-D6A1AB26226C}
		{E9946B36-750F-0F46-8DD1-F5754A6D5A8C} = {E9946B36-750F-0F46-8DD1-F5754A6D5A8C}
		{F397CC93-F3FA-8446-8BBC-E27606464971} = {F397CC93-F3FA-8446-8BBC-E27606464971}
		{8F114386-F6CF-BA45-BF5A-D477A80AE521} = {8F114386-F6CF-BA45-BF5A-D477A80AE521}
		{7C3A0F8A-2319-2741-8AAC-0180A7BDBAD8} = {7C3A0F8A-2319-2741-8AAC-0180A7BDBAD8}
		{1C52D459-58D6-3947-8890-9D116C4B5F4D} = {1C52D459-58D6-3947-8890-9D116C4B5F4D}
		{E52D3F0E-1539-FF45-AB7F-F6A8D65E4300} = {E52D3F0E-1539-FF45-AB7F-F6A8D65E4300}
		{1431F78F-2665-D04B-95D0-8B8CE647E4CA} = {1431F78F-2665-D04B-95D0-8B8CE647E4CA}
		{522E8099-7F54-094D-9D32-8CFDBBA50DD6} = {522E8099-7F54-094D-9D32-8CFDBBA50DD6}
		{227DC4BA-0362-8B48-8292-BD2B91273E5C} = {227DC4BA-0362-8B48-8292-BD2B91273E5C}
		{B1F79A05-C993-7E4B-B5E0-6ADD3899EEEB} = {B1F79A05-C993-7E4B-B5E0-6ADD3899EEEB}
		{DCB518E0-0936-7244-BB91-5085CAE17FE7} = {DCB518E0-0936-7244-BB91-5085CAE17FE7}
	EndProjectSection
EndProject
Project("{8BC9CEB8-8B4A-11D0-8D11-00A0C91BC942}") = "rtMidiTest", "rtMidiTest.vcxproj", "{922299CB-D924-7043-A18E-AE636DEC91BC}"
EndProject
Project("{8BC9CEB8-8B4A-11D0-8D11-00A0C91BC942}") = "enet", "enet.vcxproj", "{98AD6689-3C00-9A43-B6B0-1B58785685A0}"
EndProject
Project("{8BC9CEB8-8B4A-11D0-8D11-00A0C91BC942}") = "Test_enet_nat_punchthrough_client", "Test_enet_nat_punchthrough_client.vcxproj", "{AE8F4897-839E-7341-9F3B-F9CB07A216D2}"
	ProjectSection(ProjectDependencies) = postProject
		{98AD6689-3C00-9A43-B6B0-1B58785685A0} = {98AD6689-3C00-9A43-B6B0-1B58785685A0}
	EndProjectSection
EndProject
Project("{8BC9CEB8-8B4A-11D0-8D11-00A0C91BC942}") = "Test_enet_nat_punchthrough_server", "Test_enet_nat_punchthrough_server.vcxproj", "{C57FAE09-82AA-0B44-AFD2-E46FAD68C7B5}"
	ProjectSection(ProjectDependencies) = postProject
		{98AD6689-3C00-9A43-B6B0-1B58785685A0} = {98AD6689-3C00-9A43-B6B0-1B58785685A0}
	EndProjectSection
EndProject
Project("{8BC9CEB8-8B4A-11D0-8D11-00A0C91BC942}") = "Test_enet_chat_client", "Test_enet_chat_client.vcxproj", "{2231A289-6CB7-324D-A10B-A92EA24F5420}"
	ProjectSection(ProjectDependencies) = postProject
		{98AD6689-3C00-9A43-B6B0-1B58785685A0} = {98AD6689-3C00-9A43-B6B0-1B58785685A0}
	EndProjectSection
EndProject
Project("{8BC9CEB8-8B4A-11D0-8D11-00A0C91BC942}") = "Test_enet_chat_server", "Test_enet_chat_server.vcxproj", "{6B263A35-5170-3D4D-85E5-468A29A5B234}"
	ProjectSection(ProjectDependencies) = postProject
		{98AD6689-3C00-9A43-B6B0-1B58785685A0} = {98AD6689-3C00-9A43-B6B0-1B58785685A0}
	EndProjectSection
EndProject
Project("{8BC9CEB8-8B4A-11D0-8D11-00A0C91BC942}") = "Bullet3Common", "Bullet3Common.vcxproj", "{1431F78F-2665-D04B-95D0-8B8CE647E4CA}"
EndProject
Project("{8BC9CEB8-8B4A-11D0-8D11-00A0C91BC942}") = "Bullet3Geometry", "Bullet3Geometry.vcxproj", "{DCB518E0-0936-7244-BB91-5085CAE17FE7}"
EndProject
Project("{8BC9CEB8-8B4A-11D0-8D11-00A0C91BC942}") = "Bullet3Collision", "Bullet3Collision.vcxproj", "{B1F79A05-C993-7E4B-B5E0-6ADD3899EEEB}"
EndProject
Project("{8BC9CEB8-8B4A-11D0-8D11-00A0C91BC942}") = "Bullet3Dynamics", "Bullet3Dynamics.vcxproj", "{227DC4BA-0362-8B48-8292-BD2B91273E5C}"
EndProject
Project("{8BC9CEB8-8B4A-11D0-8D11-00A0C91BC942}") = "Bullet3OpenCL_clew", "Bullet3OpenCL_clew.vcxproj", "{522E8099-7F54-094D-9D32-8CFDBBA50DD6}"
EndProject
Project("{8BC9CEB8-8B4A-11D0-8D11-00A0C91BC942}") = "Bullet2FileLoader", "Bullet2FileLoader.vcxproj", "{93F21F0C-D998-A940-AC6D-A24AAA24A741}"
EndProject
Project("{8BC9CEB8-8B4A-11D0-8D11-00A0C91BC942}") = "HACD", "HACD.vcxproj", "{F96FC11E-AAC6-B440-A0FB-940BF96A10CB}"
EndProject
Project("{8BC9CEB8-8B4A-11D0-8D11-00A0C91BC942}") = "vhacd", "vhacd.vcxproj", "{C8464ED6-252A-CA4B-A035-9390B083306D}"
EndProject
Project("{8BC9CEB8-8B4A-11D0-8D11-00A0C91BC942}") = "test_vhacd", "test_vhacd.vcxproj", "{A12C055A-636D-F947-919B-791EBCD8AD08}"
	ProjectSection(ProjectDependencies) = postProject
		{C8464ED6-252A-CA4B-A035-9390B083306D} = {C8464ED6-252A-CA4B-A035-9390B083306D}
	EndProjectSection
EndProject
Project("{8BC9CEB8-8B4A-11D0-8D11-00A0C91BC942}") = "ConvexDecomposition", "ConvexDecomposition.vcxproj", "{685CEE83-A7A9-A447-8556-C5CFA9F1105B}"
EndProject
Project("{8BC9CEB8-8B4A-11D0-8D11-00A0C91BC942}") = "BulletInverseDynamicsUtils", "BulletInverseDynamicsUtils.vcxproj", "{E9946B36-750F-0F46-8DD1-F5754A6D5A8C}"
EndProject
Project("{8BC9CEB8-8B4A-11D0-8D11-00A0C91BC942}") = "BulletFileLoader", "BulletFileLoader.vcxproj", "{992D938B-6627-B547-AAFC-E79966060970}"
EndProject
Project("{8BC9CEB8-8B4A-11D0-8D11-00A0C91BC942}") = "BulletWorldImporter", "BulletWorldImporter.vcxproj", "{B1DACBAA-F9EF-DB4B-8277-E673FBAD8EC7}"
EndProject
Project("{8BC9CEB8-8B4A-11D0-8D11-00A0C91BC942}") = "BulletXmlWorldImporter", "BulletXmlWorldImporter.vcxproj", "{C8A278E3-397F-B94A-A286-B8456FC4CB99}"
EndProject
Project("{8BC9CEB8-8B4A-11D0-8D11-00A0C91BC942}") = "Test_LinearMath", "Test_LinearMath.vcxproj", "{5D08FBFD-1376-E14C-9A2B-7D1319C0D1C5}"
	ProjectSection(ProjectDependencies) = postProject
		{8F114386-F6CF-BA45-BF5A-D477A80AE521} = {8F114386-F6CF-BA45-BF5A-D477A80AE521}
		{7C3A0F8A-2319-2741-8AAC-0180A7BDBAD8} = {7C3A0F8A-2319-2741-8AAC-0180A7BDBAD8}
		{1C52D459-58D6-3947-8890-9D116C4B5F4D} = {1C52D459-58D6-3947-8890-9D116C4B5F4D}
	EndProjectSection
EndProject
Project("{8BC9CEB8-8B4A-11D0-8D11-00A0C91BC942}") = "gtest", "gtest.vcxproj", "{FD0400FC-6004-CE4A-B2AC-028D23C0865B}"
EndProject
Project("{8BC9CEB8-8B4A-11D0-8D11-00A0C91BC942}") = "Test_BulletCollision", "Test_BulletCollision.vcxproj", "{C1BEA8CA-C962-794D-80A2-CAAA6A9FFBDB}"
	ProjectSection(ProjectDependencies) = postProject
		{1C52D459-58D6-3947-8890-9D116C4B5F4D} = {1C52D459-58D6-3947-8890-9D116C4B5F4D}
		{FD0400FC-6004-CE4A-B2AC-028D23C0865B} = {FD0400FC-6004-CE4A-B2AC-028D23C0865B}
	EndProjectSection
EndProject
Project("{8BC9CEB8-8B4A-11D0-8D11-00A0C91BC942}") = "Test_BulletDynamics", "Test_BulletDynamics.vcxproj", "{91BCA4D7-48FA-014A-93E0-619BDCC0BB3F}"
	ProjectSection(ProjectDependencies) = postProject
		{8F114386-F6CF-BA45-BF5A-D477A80AE521} = {8F114386-F6CF-BA45-BF5A-D477A80AE521}
		{7C3A0F8A-2319-2741-8AAC-0180A7BDBAD8} = {7C3A0F8A-2319-2741-8AAC-0180A7BDBAD8}
		{1C52D459-58D6-3947-8890-9D116C4B5F4D} = {1C52D459-58D6-3947-8890-9D116C4B5F4D}
		{FD0400FC-6004-CE4A-B2AC-028D23C0865B} = {FD0400FC-6004-CE4A-B2AC-028D23C0865B}
	EndProjectSection
EndProject
Project("{8BC9CEB8-8B4A-11D0-8D11-00A0C91BC942}") = "Test_InverseDynamicsKinematics", "Test_InverseDynamicsKinematics.vcxproj", "{DEE8F51F-984D-464E-989A-A5D4503EC2AE}"
	ProjectSection(ProjectDependencies) = postProject
		{E9946B36-750F-0F46-8DD1-F5754A6D5A8C} = {E9946B36-750F-0F46-8DD1-F5754A6D5A8C}
		{F397CC93-F3FA-8446-8BBC-E27606464971} = {F397CC93-F3FA-8446-8BBC-E27606464971}
		{1431F78F-2665-D04B-95D0-8B8CE647E4CA} = {1431F78F-2665-D04B-95D0-8B8CE647E4CA}
		{1C52D459-58D6-3947-8890-9D116C4B5F4D} = {1C52D459-58D6-3947-8890-9D116C4B5F4D}
		{FD0400FC-6004-CE4A-B2AC-028D23C0865B} = {FD0400FC-6004-CE4A-B2AC-028D23C0865B}
	EndProjectSection
EndProject
Project("{8BC9CEB8-8B4A-11D0-8D11-00A0C91BC942}") = "Test_InverseDynamicsJacobian", "Test_InverseDynamicsJacobian.vcxproj", "{BEBD2116-C9EF-9549-91C1-DC7EB62B0734}"
	ProjectSection(ProjectDependencies) = postProject
		{E9946B36-750F-0F46-8DD1-F5754A6D5A8C} = {E9946B36-750F-0F46-8DD1-F5754A6D5A8C}
		{F397CC93-F3FA-8446-8BBC-E27606464971} = {F397CC93-F3FA-8446-8BBC-E27606464971}
		{1431F78F-2665-D04B-95D0-8B8CE647E4CA} = {1431F78F-2665-D04B-95D0-8B8CE647E4CA}
		{1C52D459-58D6-3947-8890-9D116C4B5F4D} = {1C52D459-58D6-3947-8890-9D116C4B5F4D}
		{FD0400FC-6004-CE4A-B2AC-028D23C0865B} = {FD0400FC-6004-CE4A-B2AC-028D23C0865B}
	EndProjectSection
EndProject
Project("{8BC9CEB8-8B4A-11D0-8D11-00A0C91BC942}") = "Test_InverseForwardDynamics", "Test_InverseForwardDynamics.vcxproj", "{73DC9080-3628-1643-BC07-CF6C0A9138ED}"
	ProjectSection(ProjectDependencies) = postProject
		{8F114386-F6CF-BA45-BF5A-D477A80AE521} = {8F114386-F6CF-BA45-BF5A-D477A80AE521}
		{7C3A0F8A-2319-2741-8AAC-0180A7BDBAD8} = {7C3A0F8A-2319-2741-8AAC-0180A7BDBAD8}
		{E9946B36-750F-0F46-8DD1-F5754A6D5A8C} = {E9946B36-750F-0F46-8DD1-F5754A6D5A8C}
		{F397CC93-F3FA-8446-8BBC-E27606464971} = {F397CC93-F3FA-8446-8BBC-E27606464971}
		{1431F78F-2665-D04B-95D0-8B8CE647E4CA} = {1431F78F-2665-D04B-95D0-8B8CE647E4CA}
		{1C52D459-58D6-3947-8890-9D116C4B5F4D} = {1C52D459-58D6-3947-8890-9D116C4B5F4D}
		{FD0400FC-6004-CE4A-B2AC-028D23C0865B} = {FD0400FC-6004-CE4A-B2AC-028D23C0865B}
	EndProjectSection
EndProject
Project("{8BC9CEB8-8B4A-11D0-8D11-00A0C91BC942}") = "Test_OpenCL_Bullet3", "Test_OpenCL_Bullet3.vcxproj", "{451286A3-72C5-424F-8EEE-06607AB934B4}"
	ProjectSection(ProjectDependencies) = postProject
		{FD0400FC-6004-CE4A-B2AC-028D23C0865B} = {FD0400FC-6004-CE4A-B2AC-028D23C0865B}
		{522E8099-7F54-094D-9D32-8CFDBBA50DD6} = {522E8099-7F54-094D-9D32-8CFDBBA50DD6}
		{1431F78F-2665-D04B-95D0-8B8CE647E4CA} = {1431F78F-2665-D04B-95D0-8B8CE647E4CA}
	EndProjectSection
EndProject
Project("{8BC9CEB8-8B4A-11D0-8D11-00A0C91BC942}") = "Test_Gwen_OpenGL", "Test_Gwen_OpenGL.vcxproj", "{9068CAEC-6335-0D41-B5EE-861C2730824A}"
	ProjectSection(ProjectDependencies) = postProject
		{3CBF150F-CE4E-E844-A725-982BCC4EB137} = {3CBF150F-CE4E-E844-A725-982BCC4EB137}
	EndProjectSection
EndProject
Project("{8BC9CEB8-8B4A-11D0-8D11-00A0C91BC942}") = "BulletInverseDynamics", "BulletInverseDynamics.vcxproj", "{F397CC93-F3FA-8446-8BBC-E27606464971}"
EndProject
Project("{8BC9CEB8-8B4A-11D0-8D11-00A0C91BC942}") = "BulletSoftBody", "BulletSoftBody.vcxproj", "{9326FCE8-BFD8-F14D-BB59-D6A1AB26226C}"
EndProject
Project("{8BC9CEB8-8B4A-11D0-8D11-00A0C91BC942}") = "BulletDynamics", "BulletDynamics.vcxproj", "{8F114386-F6CF-BA45-BF5A-D477A80AE521}"
EndProject
Project("{8BC9CEB8-8B4A-11D0-8D11-00A0C91BC942}") = "BulletCollision", "BulletCollision.vcxproj", "{7C3A0F8A-2319-2741-8AAC-0180A7BDBAD8}"
EndProject
Project("{8BC9CEB8-8B4A-11D0-8D11-00A0C91BC942}") = "LinearMath", "LinearMath.vcxproj", "{1C52D459-58D6-3947-8890-9D116C4B5F4D}"
EndProject
Global
	GlobalSection(SolutionConfigurationPlatforms) = preSolution
		Release|Win32 = Release|Win32
		Release|x64 = Release|x64
		Debug|Win32 = Debug|Win32
		Debug|x64 = Debug|x64
	EndGlobalSection
	GlobalSection(ProjectConfigurationPlatforms) = postSolution
		{592A6D10-F7A9-CA40-AB80-2E50DA7F29F4}.Release|Win32.ActiveCfg = Release|Win32
		{592A6D10-F7A9-CA40-AB80-2E50DA7F29F4}.Release|Win32.Build.0 = Release|Win32
		{592A6D10-F7A9-CA40-AB80-2E50DA7F29F4}.Release|x64.ActiveCfg = Release|x64
		{592A6D10-F7A9-CA40-AB80-2E50DA7F29F4}.Release|x64.Build.0 = Release|x64
		{592A6D10-F7A9-CA40-AB80-2E50DA7F29F4}.Debug|Win32.ActiveCfg = Debug|Win32
		{592A6D10-F7A9-CA40-AB80-2E50DA7F29F4}.Debug|Win32.Build.0 = Debug|Win32
		{592A6D10-F7A9-CA40-AB80-2E50DA7F29F4}.Debug|x64.ActiveCfg = Debug|x64
		{592A6D10-F7A9-CA40-AB80-2E50DA7F29F4}.Debug|x64.Build.0 = Debug|x64
		{038E8647-6217-FD43-BF59-2C18F62A1D35}.Release|Win32.ActiveCfg = Release|Win32
		{038E8647-6217-FD43-BF59-2C18F62A1D35}.Release|Win32.Build.0 = Release|Win32
		{038E8647-6217-FD43-BF59-2C18F62A1D35}.Release|x64.ActiveCfg = Release|x64
		{038E8647-6217-FD43-BF59-2C18F62A1D35}.Release|x64.Build.0 = Release|x64
		{038E8647-6217-FD43-BF59-2C18F62A1D35}.Debug|Win32.ActiveCfg = Debug|Win32
		{038E8647-6217-FD43-BF59-2C18F62A1D35}.Debug|Win32.Build.0 = Debug|Win32
		{038E8647-6217-FD43-BF59-2C18F62A1D35}.Debug|x64.ActiveCfg = Debug|x64
		{038E8647-6217-FD43-BF59-2C18F62A1D35}.Debug|x64.Build.0 = Debug|x64
		{0973471F-5899-684E-970C-CFB595DC575E}.Release|Win32.ActiveCfg = Release|Win32
		{0973471F-5899-684E-970C-CFB595DC575E}.Release|Win32.Build.0 = Release|Win32
		{0973471F-5899-684E-970C-CFB595DC575E}.Release|x64.ActiveCfg = Release|x64
		{0973471F-5899-684E-970C-CFB595DC575E}.Release|x64.Build.0 = Release|x64
		{0973471F-5899-684E-970C-CFB595DC575E}.Debug|Win32.ActiveCfg = Debug|Win32
		{0973471F-5899-684E-970C-CFB595DC575E}.Debug|Win32.Build.0 = Debug|Win32
		{0973471F-5899-684E-970C-CFB595DC575E}.Debug|x64.ActiveCfg = Debug|x64
		{0973471F-5899-684E-970C-CFB595DC575E}.Debug|x64.Build.0 = Debug|x64
		{3CBF150F-CE4E-E844-A725-982BCC4EB137}.Release|Win32.ActiveCfg = Release|Win32
		{3CBF150F-CE4E-E844-A725-982BCC4EB137}.Release|Win32.Build.0 = Release|Win32
		{3CBF150F-CE4E-E844-A725-982BCC4EB137}.Release|x64.ActiveCfg = Release|x64
		{3CBF150F-CE4E-E844-A725-982BCC4EB137}.Release|x64.Build.0 = Release|x64
		{3CBF150F-CE4E-E844-A725-982BCC4EB137}.Debug|Win32.ActiveCfg = Debug|Win32
		{3CBF150F-CE4E-E844-A725-982BCC4EB137}.Debug|Win32.Build.0 = Debug|Win32
		{3CBF150F-CE4E-E844-A725-982BCC4EB137}.Debug|x64.ActiveCfg = Debug|x64
		{3CBF150F-CE4E-E844-A725-982BCC4EB137}.Debug|x64.Build.0 = Debug|x64
		{96F7B9BA-B8B4-F943-B564-32292C37EDE1}.Release|Win32.ActiveCfg = Release|Win32
		{96F7B9BA-B8B4-F943-B564-32292C37EDE1}.Release|Win32.Build.0 = Release|Win32
		{96F7B9BA-B8B4-F943-B564-32292C37EDE1}.Release|x64.ActiveCfg = Release|x64
		{96F7B9BA-B8B4-F943-B564-32292C37EDE1}.Release|x64.Build.0 = Release|x64
		{96F7B9BA-B8B4-F943-B564-32292C37EDE1}.Debug|Win32.ActiveCfg = Debug|Win32
		{96F7B9BA-B8B4-F943-B564-32292C37EDE1}.Debug|Win32.Build.0 = Debug|Win32
		{96F7B9BA-B8B4-F943-B564-32292C37EDE1}.Debug|x64.ActiveCfg = Debug|x64
		{96F7B9BA-B8B4-F943-B564-32292C37EDE1}.Debug|x64.Build.0 = Debug|x64
		{BB93C6D7-AB2F-F04F-8F59-8C172779460B}.Release|Win32.ActiveCfg = Release|Win32
		{BB93C6D7-AB2F-F04F-8F59-8C172779460B}.Release|Win32.Build.0 = Release|Win32
		{BB93C6D7-AB2F-F04F-8F59-8C172779460B}.Release|x64.ActiveCfg = Release|x64
		{BB93C6D7-AB2F-F04F-8F59-8C172779460B}.Release|x64.Build.0 = Release|x64
		{BB93C6D7-AB2F-F04F-8F59-8C172779460B}.Debug|Win32.ActiveCfg = Debug|Win32
		{BB93C6D7-AB2F-F04F-8F59-8C172779460B}.Debug|Win32.Build.0 = Debug|Win32
		{BB93C6D7-AB2F-F04F-8F59-8C172779460B}.Debug|x64.ActiveCfg = Debug|x64
		{BB93C6D7-AB2F-F04F-8F59-8C172779460B}.Debug|x64.Build.0 = Debug|x64
		{8511CB66-DE6C-5C4F-8867-4BD3D436F7CB}.Release|Win32.ActiveCfg = Release|Win32
		{8511CB66-DE6C-5C4F-8867-4BD3D436F7CB}.Release|Win32.Build.0 = Release|Win32
		{8511CB66-DE6C-5C4F-8867-4BD3D436F7CB}.Release|x64.ActiveCfg = Release|x64
		{8511CB66-DE6C-5C4F-8867-4BD3D436F7CB}.Release|x64.Build.0 = Release|x64
		{8511CB66-DE6C-5C4F-8867-4BD3D436F7CB}.Debug|Win32.ActiveCfg = Debug|Win32
		{8511CB66-DE6C-5C4F-8867-4BD3D436F7CB}.Debug|Win32.Build.0 = Debug|Win32
		{8511CB66-DE6C-5C4F-8867-4BD3D436F7CB}.Debug|x64.ActiveCfg = Debug|x64
		{8511CB66-DE6C-5C4F-8867-4BD3D436F7CB}.Debug|x64.Build.0 = Debug|x64
		{F782E553-3EA1-974F-AE89-1911D7236B0D}.Release|Win32.ActiveCfg = Release|Win32
		{F782E553-3EA1-974F-AE89-1911D7236B0D}.Release|Win32.Build.0 = Release|Win32
		{F782E553-3EA1-974F-AE89-1911D7236B0D}.Release|x64.ActiveCfg = Release|x64
		{F782E553-3EA1-974F-AE89-1911D7236B0D}.Release|x64.Build.0 = Release|x64
		{F782E553-3EA1-974F-AE89-1911D7236B0D}.Debug|Win32.ActiveCfg = Debug|Win32
		{F782E553-3EA1-974F-AE89-1911D7236B0D}.Debug|Win32.Build.0 = Debug|Win32
		{F782E553-3EA1-974F-AE89-1911D7236B0D}.Debug|x64.ActiveCfg = Debug|x64
		{F782E553-3EA1-974F-AE89-1911D7236B0D}.Debug|x64.Build.0 = Debug|x64
		{9E951E78-0F63-1A41-8318-45779CC9F153}.Release|Win32.ActiveCfg = Release|Win32
		{9E951E78-0F63-1A41-8318-45779CC9F153}.Release|Win32.Build.0 = Release|Win32
		{9E951E78-0F63-1A41-8318-45779CC9F153}.Release|x64.ActiveCfg = Release|x64
		{9E951E78-0F63-1A41-8318-45779CC9F153}.Release|x64.Build.0 = Release|x64
		{9E951E78-0F63-1A41-8318-45779CC9F153}.Debug|Win32.ActiveCfg = Debug|Win32
		{9E951E78-0F63-1A41-8318-45779CC9F153}.Debug|Win32.Build.0 = Debug|Win32
		{9E951E78-0F63-1A41-8318-45779CC9F153}.Debug|x64.ActiveCfg = Debug|x64
		{9E951E78-0F63-1A41-8318-45779CC9F153}.Debug|x64.Build.0 = Debug|x64
		{8B5CC7FE-D1AC-4C40-B9EC-A04339D1754F}.Release|Win32.ActiveCfg = Release|Win32
		{8B5CC7FE-D1AC-4C40-B9EC-A04339D1754F}.Release|Win32.Build.0 = Release|Win32
		{8B5CC7FE-D1AC-4C40-B9EC-A04339D1754F}.Release|x64.ActiveCfg = Release|x64
		{8B5CC7FE-D1AC-4C40-B9EC-A04339D1754F}.Release|x64.Build.0 = Release|x64
		{8B5CC7FE-D1AC-4C40-B9EC-A04339D1754F}.Debug|Win32.ActiveCfg = Debug|Win32
		{8B5CC7FE-D1AC-4C40-B9EC-A04339D1754F}.Debug|Win32.Build.0 = Debug|Win32
		{8B5CC7FE-D1AC-4C40-B9EC-A04339D1754F}.Debug|x64.ActiveCfg = Debug|x64
		{8B5CC7FE-D1AC-4C40-B9EC-A04339D1754F}.Debug|x64.Build.0 = Debug|x64
		{858F6402-616A-4C43-92A4-DF1454CBE5CF}.Release|Win32.ActiveCfg = Release|Win32
		{858F6402-616A-4C43-92A4-DF1454CBE5CF}.Release|Win32.Build.0 = Release|Win32
		{858F6402-616A-4C43-92A4-DF1454CBE5CF}.Release|x64.ActiveCfg = Release|x64
		{858F6402-616A-4C43-92A4-DF1454CBE5CF}.Release|x64.Build.0 = Release|x64
		{858F6402-616A-4C43-92A4-DF1454CBE5CF}.Debug|Win32.ActiveCfg = Debug|Win32
		{858F6402-616A-4C43-92A4-DF1454CBE5CF}.Debug|Win32.Build.0 = Debug|Win32
		{858F6402-616A-4C43-92A4-DF1454CBE5CF}.Debug|x64.ActiveCfg = Debug|x64
		{858F6402-616A-4C43-92A4-DF1454CBE5CF}.Debug|x64.Build.0 = Debug|x64
		{6AB277E1-D0CE-954B-8C75-0F1B54C0DECD}.Release|Win32.ActiveCfg = Release|Win32
		{6AB277E1-D0CE-954B-8C75-0F1B54C0DECD}.Release|Win32.Build.0 = Release|Win32
		{6AB277E1-D0CE-954B-8C75-0F1B54C0DECD}.Release|x64.ActiveCfg = Release|x64
		{6AB277E1-D0CE-954B-8C75-0F1B54C0DECD}.Release|x64.Build.0 = Release|x64
		{6AB277E1-D0CE-954B-8C75-0F1B54C0DECD}.Debug|Win32.ActiveCfg = Debug|Win32
		{6AB277E1-D0CE-954B-8C75-0F1B54C0DECD}.Debug|Win32.Build.0 = Debug|Win32
		{6AB277E1-D0CE-954B-8C75-0F1B54C0DECD}.Debug|x64.ActiveCfg = Debug|x64
		{6AB277E1-D0CE-954B-8C75-0F1B54C0DECD}.Debug|x64.Build.0 = Debug|x64
		{0F0C00BF-794B-3D4E-87B9-C022F958A9C0}.Release|Win32.ActiveCfg = Release|Win32
		{0F0C00BF-794B-3D4E-87B9-C022F958A9C0}.Release|Win32.Build.0 = Release|Win32
		{0F0C00BF-794B-3D4E-87B9-C022F958A9C0}.Release|x64.ActiveCfg = Release|x64
		{0F0C00BF-794B-3D4E-87B9-C022F958A9C0}.Release|x64.Build.0 = Release|x64
		{0F0C00BF-794B-3D4E-87B9-C022F958A9C0}.Debug|Win32.ActiveCfg = Debug|Win32
		{0F0C00BF-794B-3D4E-87B9-C022F958A9C0}.Debug|Win32.Build.0 = Debug|Win32
		{0F0C00BF-794B-3D4E-87B9-C022F958A9C0}.Debug|x64.ActiveCfg = Debug|x64
		{0F0C00BF-794B-3D4E-87B9-C022F958A9C0}.Debug|x64.Build.0 = Debug|x64
		{3F0E41BE-B31D-9840-8594-AF976998ED62}.Release|Win32.ActiveCfg = Release|Win32
		{3F0E41BE-B31D-9840-8594-AF976998ED62}.Release|Win32.Build.0 = Release|Win32
		{3F0E41BE-B31D-9840-8594-AF976998ED62}.Release|x64.ActiveCfg = Release|x64
		{3F0E41BE-B31D-9840-8594-AF976998ED62}.Release|x64.Build.0 = Release|x64
		{3F0E41BE-B31D-9840-8594-AF976998ED62}.Debug|Win32.ActiveCfg = Debug|Win32
		{3F0E41BE-B31D-9840-8594-AF976998ED62}.Debug|Win32.Build.0 = Debug|Win32
		{3F0E41BE-B31D-9840-8594-AF976998ED62}.Debug|x64.ActiveCfg = Debug|x64
		{3F0E41BE-B31D-9840-8594-AF976998ED62}.Debug|x64.Build.0 = Debug|x64
		{7FD627D0-0D5A-5C42-8897-C06893459436}.Release|Win32.ActiveCfg = Release|Win32
		{7FD627D0-0D5A-5C42-8897-C06893459436}.Release|Win32.Build.0 = Release|Win32
		{7FD627D0-0D5A-5C42-8897-C06893459436}.Release|x64.ActiveCfg = Release|x64
		{7FD627D0-0D5A-5C42-8897-C06893459436}.Release|x64.Build.0 = Release|x64
		{7FD627D0-0D5A-5C42-8897-C06893459436}.Debug|Win32.ActiveCfg = Debug|Win32
		{7FD627D0-0D5A-5C42-8897-C06893459436}.Debug|Win32.Build.0 = Debug|Win32
		{7FD627D0-0D5A-5C42-8897-C06893459436}.Debug|x64.ActiveCfg = Debug|x64
		{7FD627D0-0D5A-5C42-8897-C06893459436}.Debug|x64.Build.0 = Debug|x64
		{07AAF56F-5BC2-B447-B0B0-3B611B96326D}.Release|Win32.ActiveCfg = Release|Win32
		{07AAF56F-5BC2-B447-B0B0-3B611B96326D}.Release|Win32.Build.0 = Release|Win32
		{07AAF56F-5BC2-B447-B0B0-3B611B96326D}.Release|x64.ActiveCfg = Release|x64
		{07AAF56F-5BC2-B447-B0B0-3B611B96326D}.Release|x64.Build.0 = Release|x64
		{07AAF56F-5BC2-B447-B0B0-3B611B96326D}.Debug|Win32.ActiveCfg = Debug|Win32
		{07AAF56F-5BC2-B447-B0B0-3B611B96326D}.Debug|Win32.Build.0 = Debug|Win32
		{07AAF56F-5BC2-B447-B0B0-3B611B96326D}.Debug|x64.ActiveCfg = Debug|x64
		{07AAF56F-5BC2-B447-B0B0-3B611B96326D}.Debug|x64.Build.0 = Debug|x64
		{3CDD09AA-FD9B-6F42-B6D5-3F4CA2F8C24A}.Release|Win32.ActiveCfg = Release|Win32
		{3CDD09AA-FD9B-6F42-B6D5-3F4CA2F8C24A}.Release|Win32.Build.0 = Release|Win32
		{3CDD09AA-FD9B-6F42-B6D5-3F4CA2F8C24A}.Release|x64.ActiveCfg = Release|x64
		{3CDD09AA-FD9B-6F42-B6D5-3F4CA2F8C24A}.Release|x64.Build.0 = Release|x64
		{3CDD09AA-FD9B-6F42-B6D5-3F4CA2F8C24A}.Debug|Win32.ActiveCfg = Debug|Win32
		{3CDD09AA-FD9B-6F42-B6D5-3F4CA2F8C24A}.Debug|Win32.Build.0 = Debug|Win32
		{3CDD09AA-FD9B-6F42-B6D5-3F4CA2F8C24A}.Debug|x64.ActiveCfg = Debug|x64
		{3CDD09AA-FD9B-6F42-B6D5-3F4CA2F8C24A}.Debug|x64.Build.0 = Debug|x64
		{6520BEFE-F0D6-F942-8520-CE7EF0A34BE7}.Release|Win32.ActiveCfg = Release|Win32
		{6520BEFE-F0D6-F942-8520-CE7EF0A34BE7}.Release|Win32.Build.0 = Release|Win32
		{6520BEFE-F0D6-F942-8520-CE7EF0A34BE7}.Release|x64.ActiveCfg = Release|x64
		{6520BEFE-F0D6-F942-8520-CE7EF0A34BE7}.Release|x64.Build.0 = Release|x64
		{6520BEFE-F0D6-F942-8520-CE7EF0A34BE7}.Debug|Win32.ActiveCfg = Debug|Win32
		{6520BEFE-F0D6-F942-8520-CE7EF0A34BE7}.Debug|Win32.Build.0 = Debug|Win32
		{6520BEFE-F0D6-F942-8520-CE7EF0A34BE7}.Debug|x64.ActiveCfg = Debug|x64
		{6520BEFE-F0D6-F942-8520-CE7EF0A34BE7}.Debug|x64.Build.0 = Debug|x64
		{88817F08-EFC2-7E4F-B2BC-FD818E4BF097}.Release|Win32.ActiveCfg = Release|Win32
		{88817F08-EFC2-7E4F-B2BC-FD818E4BF097}.Release|Win32.Build.0 = Release|Win32
		{88817F08-EFC2-7E4F-B2BC-FD818E4BF097}.Release|x64.ActiveCfg = Release|x64
		{88817F08-EFC2-7E4F-B2BC-FD818E4BF097}.Release|x64.Build.0 = Release|x64
		{88817F08-EFC2-7E4F-B2BC-FD818E4BF097}.Debug|Win32.ActiveCfg = Debug|Win32
		{88817F08-EFC2-7E4F-B2BC-FD818E4BF097}.Debug|Win32.Build.0 = Debug|Win32
		{88817F08-EFC2-7E4F-B2BC-FD818E4BF097}.Debug|x64.ActiveCfg = Debug|x64
		{88817F08-EFC2-7E4F-B2BC-FD818E4BF097}.Debug|x64.Build.0 = Debug|x64
		{BB9836A3-C2D9-5149-8FAC-FFED5B436CDC}.Release|Win32.ActiveCfg = Release|Win32
		{BB9836A3-C2D9-5149-8FAC-FFED5B436CDC}.Release|Win32.Build.0 = Release|Win32
		{BB9836A3-C2D9-5149-8FAC-FFED5B436CDC}.Release|x64.ActiveCfg = Release|x64
		{BB9836A3-C2D9-5149-8FAC-FFED5B436CDC}.Release|x64.Build.0 = Release|x64
		{BB9836A3-C2D9-5149-8FAC-FFED5B436CDC}.Debug|Win32.ActiveCfg = Debug|Win32
		{BB9836A3-C2D9-5149-8FAC-FFED5B436CDC}.Debug|Win32.Build.0 = Debug|Win32
		{BB9836A3-C2D9-5149-8FAC-FFED5B436CDC}.Debug|x64.ActiveCfg = Debug|x64
		{BB9836A3-C2D9-5149-8FAC-FFED5B436CDC}.Debug|x64.Build.0 = Debug|x64
		{987BE59E-3C12-5544-B806-EDCA57167B41}.Release|Win32.ActiveCfg = Release|Win32
		{987BE59E-3C12-5544-B806-EDCA57167B41}.Release|Win32.Build.0 = Release|Win32
		{987BE59E-3C12-5544-B806-EDCA57167B41}.Release|x64.ActiveCfg = Release|x64
		{987BE59E-3C12-5544-B806-EDCA57167B41}.Release|x64.Build.0 = Release|x64
		{987BE59E-3C12-5544-B806-EDCA57167B41}.Debug|Win32.ActiveCfg = Debug|Win32
		{987BE59E-3C12-5544-B806-EDCA57167B41}.Debug|Win32.Build.0 = Debug|Win32
		{987BE59E-3C12-5544-B806-EDCA57167B41}.Debug|x64.ActiveCfg = Debug|x64
		{987BE59E-3C12-5544-B806-EDCA57167B41}.Debug|x64.Build.0 = Debug|x64
		{A92400CC-7F4A-2448-8D90-E9FE91EF7D8E}.Release|Win32.ActiveCfg = Release|Win32
		{A92400CC-7F4A-2448-8D90-E9FE91EF7D8E}.Release|Win32.Build.0 = Release|Win32
		{A92400CC-7F4A-2448-8D90-E9FE91EF7D8E}.Release|x64.ActiveCfg = Release|x64
		{A92400CC-7F4A-2448-8D90-E9FE91EF7D8E}.Release|x64.Build.0 = Release|x64
		{A92400CC-7F4A-2448-8D90-E9FE91EF7D8E}.Debug|Win32.ActiveCfg = Debug|Win32
		{A92400CC-7F4A-2448-8D90-E9FE91EF7D8E}.Debug|Win32.Build.0 = Debug|Win32
		{A92400CC-7F4A-2448-8D90-E9FE91EF7D8E}.Debug|x64.ActiveCfg = Debug|x64
		{A92400CC-7F4A-2448-8D90-E9FE91EF7D8E}.Debug|x64.Build.0 = Debug|x64
		{08835539-FDF7-BD43-B3F2-778FFF82B1AA}.Release|Win32.ActiveCfg = Release|Win32
		{08835539-FDF7-BD43-B3F2-778FFF82B1AA}.Release|Win32.Build.0 = Release|Win32
		{08835539-FDF7-BD43-B3F2-778FFF82B1AA}.Release|x64.ActiveCfg = Release|x64
		{08835539-FDF7-BD43-B3F2-778FFF82B1AA}.Release|x64.Build.0 = Release|x64
		{08835539-FDF7-BD43-B3F2-778FFF82B1AA}.Debug|Win32.ActiveCfg = Debug|Win32
		{08835539-FDF7-BD43-B3F2-778FFF82B1AA}.Debug|Win32.Build.0 = Debug|Win32
		{08835539-FDF7-BD43-B3F2-778FFF82B1AA}.Debug|x64.ActiveCfg = Debug|x64
		{08835539-FDF7-BD43-B3F2-778FFF82B1AA}.Debug|x64.Build.0 = Debug|x64
		{B76CF63B-4D7C-9B43-9975-79D95050E512}.Release|Win32.ActiveCfg = Release|Win32
		{B76CF63B-4D7C-9B43-9975-79D95050E512}.Release|Win32.Build.0 = Release|Win32
		{B76CF63B-4D7C-9B43-9975-79D95050E512}.Release|x64.ActiveCfg = Release|x64
		{B76CF63B-4D7C-9B43-9975-79D95050E512}.Release|x64.Build.0 = Release|x64
		{B76CF63B-4D7C-9B43-9975-79D95050E512}.Debug|Win32.ActiveCfg = Debug|Win32
		{B76CF63B-4D7C-9B43-9975-79D95050E512}.Debug|Win32.Build.0 = Debug|Win32
		{B76CF63B-4D7C-9B43-9975-79D95050E512}.Debug|x64.ActiveCfg = Debug|x64
		{B76CF63B-4D7C-9B43-9975-79D95050E512}.Debug|x64.Build.0 = Debug|x64
		{BAC0E0F0-BDEF-0346-8E0D-1345AEFCEF68}.Release|Win32.ActiveCfg = Release|Win32
		{BAC0E0F0-BDEF-0346-8E0D-1345AEFCEF68}.Release|Win32.Build.0 = Release|Win32
		{BAC0E0F0-BDEF-0346-8E0D-1345AEFCEF68}.Release|x64.ActiveCfg = Release|x64
		{BAC0E0F0-BDEF-0346-8E0D-1345AEFCEF68}.Release|x64.Build.0 = Release|x64
		{BAC0E0F0-BDEF-0346-8E0D-1345AEFCEF68}.Debug|Win32.ActiveCfg = Debug|Win32
		{BAC0E0F0-BDEF-0346-8E0D-1345AEFCEF68}.Debug|Win32.Build.0 = Debug|Win32
		{BAC0E0F0-BDEF-0346-8E0D-1345AEFCEF68}.Debug|x64.ActiveCfg = Debug|x64
		{BAC0E0F0-BDEF-0346-8E0D-1345AEFCEF68}.Debug|x64.Build.0 = Debug|x64
		{E52D3F0E-1539-FF45-AB7F-F6A8D65E4300}.Release|Win32.ActiveCfg = Release|Win32
		{E52D3F0E-1539-FF45-AB7F-F6A8D65E4300}.Release|Win32.Build.0 = Release|Win32
		{E52D3F0E-1539-FF45-AB7F-F6A8D65E4300}.Release|x64.ActiveCfg = Release|x64
		{E52D3F0E-1539-FF45-AB7F-F6A8D65E4300}.Release|x64.Build.0 = Release|x64
		{E52D3F0E-1539-FF45-AB7F-F6A8D65E4300}.Debug|Win32.ActiveCfg = Debug|Win32
		{E52D3F0E-1539-FF45-AB7F-F6A8D65E4300}.Debug|Win32.Build.0 = Debug|Win32
		{E52D3F0E-1539-FF45-AB7F-F6A8D65E4300}.Debug|x64.ActiveCfg = Debug|x64
		{E52D3F0E-1539-FF45-AB7F-F6A8D65E4300}.Debug|x64.Build.0 = Debug|x64
		{B28E4E85-5381-BF44-A323-74A6FA044D3A}.Release|Win32.ActiveCfg = Release|Win32
		{B28E4E85-5381-BF44-A323-74A6FA044D3A}.Release|Win32.Build.0 = Release|Win32
		{B28E4E85-5381-BF44-A323-74A6FA044D3A}.Release|x64.ActiveCfg = Release|x64
		{B28E4E85-5381-BF44-A323-74A6FA044D3A}.Release|x64.Build.0 = Release|x64
		{B28E4E85-5381-BF44-A323-74A6FA044D3A}.Debug|Win32.ActiveCfg = Debug|Win32
		{B28E4E85-5381-BF44-A323-74A6FA044D3A}.Debug|Win32.Build.0 = Debug|Win32
		{B28E4E85-5381-BF44-A323-74A6FA044D3A}.Debug|x64.ActiveCfg = Debug|x64
		{B28E4E85-5381-BF44-A323-74A6FA044D3A}.Debug|x64.Build.0 = Debug|x64
		{313A5387-0BEB-664F-92A9-596E34A05716}.Release|Win32.ActiveCfg = Release|Win32
		{313A5387-0BEB-664F-92A9-596E34A05716}.Release|Win32.Build.0 = Release|Win32
		{313A5387-0BEB-664F-92A9-596E34A05716}.Release|x64.ActiveCfg = Release|x64
		{313A5387-0BEB-664F-92A9-596E34A05716}.Release|x64.Build.0 = Release|x64
		{313A5387-0BEB-664F-92A9-596E34A05716}.Debug|Win32.ActiveCfg = Debug|Win32
		{313A5387-0BEB-664F-92A9-596E34A05716}.Debug|Win32.Build.0 = Debug|Win32
		{313A5387-0BEB-664F-92A9-596E34A05716}.Debug|x64.ActiveCfg = Debug|x64
		{313A5387-0BEB-664F-92A9-596E34A05716}.Debug|x64.Build.0 = Debug|x64
		{3B042534-B527-4B48-9301-1C9EDDBC3B52}.Release|Win32.ActiveCfg = Release|Win32
		{3B042534-B527-4B48-9301-1C9EDDBC3B52}.Release|Win32.Build.0 = Release|Win32
		{3B042534-B527-4B48-9301-1C9EDDBC3B52}.Release|x64.ActiveCfg = Release|x64
		{3B042534-B527-4B48-9301-1C9EDDBC3B52}.Release|x64.Build.0 = Release|x64
		{3B042534-B527-4B48-9301-1C9EDDBC3B52}.Debug|Win32.ActiveCfg = Debug|Win32
		{3B042534-B527-4B48-9301-1C9EDDBC3B52}.Debug|Win32.Build.0 = Debug|Win32
		{3B042534-B527-4B48-9301-1C9EDDBC3B52}.Debug|x64.ActiveCfg = Debug|x64
		{3B042534-B527-4B48-9301-1C9EDDBC3B52}.Debug|x64.Build.0 = Debug|x64
		{82034E19-69FC-7B4E-8A37-52C2A371C1D1}.Release|Win32.ActiveCfg = Release|Win32
		{82034E19-69FC-7B4E-8A37-52C2A371C1D1}.Release|Win32.Build.0 = Release|Win32
		{82034E19-69FC-7B4E-8A37-52C2A371C1D1}.Release|x64.ActiveCfg = Release|x64
		{82034E19-69FC-7B4E-8A37-52C2A371C1D1}.Release|x64.Build.0 = Release|x64
		{82034E19-69FC-7B4E-8A37-52C2A371C1D1}.Debug|Win32.ActiveCfg = Debug|Win32
		{82034E19-69FC-7B4E-8A37-52C2A371C1D1}.Debug|Win32.Build.0 = Debug|Win32
		{82034E19-69FC-7B4E-8A37-52C2A371C1D1}.Debug|x64.ActiveCfg = Debug|x64
		{82034E19-69FC-7B4E-8A37-52C2A371C1D1}.Debug|x64.Build.0 = Debug|x64
		{3C485E48-8847-404C-B080-8CC583D4E23B}.Release|Win32.ActiveCfg = Release|Win32
		{3C485E48-8847-404C-B080-8CC583D4E23B}.Release|Win32.Build.0 = Release|Win32
		{3C485E48-8847-404C-B080-8CC583D4E23B}.Release|x64.ActiveCfg = Release|x64
		{3C485E48-8847-404C-B080-8CC583D4E23B}.Release|x64.Build.0 = Release|x64
		{3C485E48-8847-404C-B080-8CC583D4E23B}.Debug|Win32.ActiveCfg = Debug|Win32
		{3C485E48-8847-404C-B080-8CC583D4E23B}.Debug|Win32.Build.0 = Debug|Win32
		{3C485E48-8847-404C-B080-8CC583D4E23B}.Debug|x64.ActiveCfg = Debug|x64
		{3C485E48-8847-404C-B080-8CC583D4E23B}.Debug|x64.Build.0 = Debug|x64
		{98137E92-E5D3-2F45-B310-1C6C8A1B2E35}.Release|Win32.ActiveCfg = Release|Win32
		{98137E92-E5D3-2F45-B310-1C6C8A1B2E35}.Release|Win32.Build.0 = Release|Win32
		{98137E92-E5D3-2F45-B310-1C6C8A1B2E35}.Release|x64.ActiveCfg = Release|x64
		{98137E92-E5D3-2F45-B310-1C6C8A1B2E35}.Release|x64.Build.0 = Release|x64
		{98137E92-E5D3-2F45-B310-1C6C8A1B2E35}.Debug|Win32.ActiveCfg = Debug|Win32
		{98137E92-E5D3-2F45-B310-1C6C8A1B2E35}.Debug|Win32.Build.0 = Debug|Win32
		{98137E92-E5D3-2F45-B310-1C6C8A1B2E35}.Debug|x64.ActiveCfg = Debug|x64
		{98137E92-E5D3-2F45-B310-1C6C8A1B2E35}.Debug|x64.Build.0 = Debug|x64
		{922299CB-D924-7043-A18E-AE636DEC91BC}.Release|Win32.ActiveCfg = Release|Win32
		{922299CB-D924-7043-A18E-AE636DEC91BC}.Release|Win32.Build.0 = Release|Win32
		{922299CB-D924-7043-A18E-AE636DEC91BC}.Release|x64.ActiveCfg = Release|x64
		{922299CB-D924-7043-A18E-AE636DEC91BC}.Release|x64.Build.0 = Release|x64
		{922299CB-D924-7043-A18E-AE636DEC91BC}.Debug|Win32.ActiveCfg = Debug|Win32
		{922299CB-D924-7043-A18E-AE636DEC91BC}.Debug|Win32.Build.0 = Debug|Win32
		{922299CB-D924-7043-A18E-AE636DEC91BC}.Debug|x64.ActiveCfg = Debug|x64
		{922299CB-D924-7043-A18E-AE636DEC91BC}.Debug|x64.Build.0 = Debug|x64
		{98AD6689-3C00-9A43-B6B0-1B58785685A0}.Release|Win32.ActiveCfg = Release|Win32
		{98AD6689-3C00-9A43-B6B0-1B58785685A0}.Release|Win32.Build.0 = Release|Win32
		{98AD6689-3C00-9A43-B6B0-1B58785685A0}.Release|x64.ActiveCfg = Release|x64
		{98AD6689-3C00-9A43-B6B0-1B58785685A0}.Release|x64.Build.0 = Release|x64
		{98AD6689-3C00-9A43-B6B0-1B58785685A0}.Debug|Win32.ActiveCfg = Debug|Win32
		{98AD6689-3C00-9A43-B6B0-1B58785685A0}.Debug|Win32.Build.0 = Debug|Win32
		{98AD6689-3C00-9A43-B6B0-1B58785685A0}.Debug|x64.ActiveCfg = Debug|x64
		{98AD6689-3C00-9A43-B6B0-1B58785685A0}.Debug|x64.Build.0 = Debug|x64
		{AE8F4897-839E-7341-9F3B-F9CB07A216D2}.Release|Win32.ActiveCfg = Release|Win32
		{AE8F4897-839E-7341-9F3B-F9CB07A216D2}.Release|Win32.Build.0 = Release|Win32
		{AE8F4897-839E-7341-9F3B-F9CB07A216D2}.Release|x64.ActiveCfg = Release|x64
		{AE8F4897-839E-7341-9F3B-F9CB07A216D2}.Release|x64.Build.0 = Release|x64
		{AE8F4897-839E-7341-9F3B-F9CB07A216D2}.Debug|Win32.ActiveCfg = Debug|Win32
		{AE8F4897-839E-7341-9F3B-F9CB07A216D2}.Debug|Win32.Build.0 = Debug|Win32
		{AE8F4897-839E-7341-9F3B-F9CB07A216D2}.Debug|x64.ActiveCfg = Debug|x64
		{AE8F4897-839E-7341-9F3B-F9CB07A216D2}.Debug|x64.Build.0 = Debug|x64
		{C57FAE09-82AA-0B44-AFD2-E46FAD68C7B5}.Release|Win32.ActiveCfg = Release|Win32
		{C57FAE09-82AA-0B44-AFD2-E46FAD68C7B5}.Release|Win32.Build.0 = Release|Win32
		{C57FAE09-82AA-0B44-AFD2-E46FAD68C7B5}.Release|x64.ActiveCfg = Release|x64
		{C57FAE09-82AA-0B44-AFD2-E46FAD68C7B5}.Release|x64.Build.0 = Release|x64
		{C57FAE09-82AA-0B44-AFD2-E46FAD68C7B5}.Debug|Win32.ActiveCfg = Debug|Win32
		{C57FAE09-82AA-0B44-AFD2-E46FAD68C7B5}.Debug|Win32.Build.0 = Debug|Win32
		{C57FAE09-82AA-0B44-AFD2-E46FAD68C7B5}.Debug|x64.ActiveCfg = Debug|x64
		{C57FAE09-82AA-0B44-AFD2-E46FAD68C7B5}.Debug|x64.Build.0 = Debug|x64
		{2231A289-6CB7-324D-A10B-A92EA24F5420}.Release|Win32.ActiveCfg = Release|Win32
		{2231A289-6CB7-324D-A10B-A92EA24F5420}.Release|Win32.Build.0 = Release|Win32
		{2231A289-6CB7-324D-A10B-A92EA24F5420}.Release|x64.ActiveCfg = Release|x64
		{2231A289-6CB7-324D-A10B-A92EA24F5420}.Release|x64.Build.0 = Release|x64
		{2231A289-6CB7-324D-A10B-A92EA24F5420}.Debug|Win32.ActiveCfg = Debug|Win32
		{2231A289-6CB7-324D-A10B-A92EA24F5420}.Debug|Win32.Build.0 = Debug|Win32
		{2231A289-6CB7-324D-A10B-A92EA24F5420}.Debug|x64.ActiveCfg = Debug|x64
		{2231A289-6CB7-324D-A10B-A92EA24F5420}.Debug|x64.Build.0 = Debug|x64
		{6B263A35-5170-3D4D-85E5-468A29A5B234}.Release|Win32.ActiveCfg = Release|Win32
		{6B263A35-5170-3D4D-85E5-468A29A5B234}.Release|Win32.Build.0 = Release|Win32
		{6B263A35-5170-3D4D-85E5-468A29A5B234}.Release|x64.ActiveCfg = Release|x64
		{6B263A35-5170-3D4D-85E5-468A29A5B234}.Release|x64.Build.0 = Release|x64
		{6B263A35-5170-3D4D-85E5-468A29A5B234}.Debug|Win32.ActiveCfg = Debug|Win32
		{6B263A35-5170-3D4D-85E5-468A29A5B234}.Debug|Win32.Build.0 = Debug|Win32
		{6B263A35-5170-3D4D-85E5-468A29A5B234}.Debug|x64.ActiveCfg = Debug|x64
		{6B263A35-5170-3D4D-85E5-468A29A5B234}.Debug|x64.Build.0 = Debug|x64
		{1431F78F-2665-D04B-95D0-8B8CE647E4CA}.Release|Win32.ActiveCfg = Release|Win32
		{1431F78F-2665-D04B-95D0-8B8CE647E4CA}.Release|Win32.Build.0 = Release|Win32
		{1431F78F-2665-D04B-95D0-8B8CE647E4CA}.Release|x64.ActiveCfg = Release|x64
		{1431F78F-2665-D04B-95D0-8B8CE647E4CA}.Release|x64.Build.0 = Release|x64
		{1431F78F-2665-D04B-95D0-8B8CE647E4CA}.Debug|Win32.ActiveCfg = Debug|Win32
		{1431F78F-2665-D04B-95D0-8B8CE647E4CA}.Debug|Win32.Build.0 = Debug|Win32
		{1431F78F-2665-D04B-95D0-8B8CE647E4CA}.Debug|x64.ActiveCfg = Debug|x64
		{1431F78F-2665-D04B-95D0-8B8CE647E4CA}.Debug|x64.Build.0 = Debug|x64
		{DCB518E0-0936-7244-BB91-5085CAE17FE7}.Release|Win32.ActiveCfg = Release|Win32
		{DCB518E0-0936-7244-BB91-5085CAE17FE7}.Release|Win32.Build.0 = Release|Win32
		{DCB518E0-0936-7244-BB91-5085CAE17FE7}.Release|x64.ActiveCfg = Release|x64
		{DCB518E0-0936-7244-BB91-5085CAE17FE7}.Release|x64.Build.0 = Release|x64
		{DCB518E0-0936-7244-BB91-5085CAE17FE7}.Debug|Win32.ActiveCfg = Debug|Win32
		{DCB518E0-0936-7244-BB91-5085CAE17FE7}.Debug|Win32.Build.0 = Debug|Win32
		{DCB518E0-0936-7244-BB91-5085CAE17FE7}.Debug|x64.ActiveCfg = Debug|x64
		{DCB518E0-0936-7244-BB91-5085CAE17FE7}.Debug|x64.Build.0 = Debug|x64
		{B1F79A05-C993-7E4B-B5E0-6ADD3899EEEB}.Release|Win32.ActiveCfg = Release|Win32
		{B1F79A05-C993-7E4B-B5E0-6ADD3899EEEB}.Release|Win32.Build.0 = Release|Win32
		{B1F79A05-C993-7E4B-B5E0-6ADD3899EEEB}.Release|x64.ActiveCfg = Release|x64
		{B1F79A05-C993-7E4B-B5E0-6ADD3899EEEB}.Release|x64.Build.0 = Release|x64
		{B1F79A05-C993-7E4B-B5E0-6ADD3899EEEB}.Debug|Win32.ActiveCfg = Debug|Win32
		{B1F79A05-C993-7E4B-B5E0-6ADD3899EEEB}.Debug|Win32.Build.0 = Debug|Win32
		{B1F79A05-C993-7E4B-B5E0-6ADD3899EEEB}.Debug|x64.ActiveCfg = Debug|x64
		{B1F79A05-C993-7E4B-B5E0-6ADD3899EEEB}.Debug|x64.Build.0 = Debug|x64
		{227DC4BA-0362-8B48-8292-BD2B91273E5C}.Release|Win32.ActiveCfg = Release|Win32
		{227DC4BA-0362-8B48-8292-BD2B91273E5C}.Release|Win32.Build.0 = Release|Win32
		{227DC4BA-0362-8B48-8292-BD2B91273E5C}.Release|x64.ActiveCfg = Release|x64
		{227DC4BA-0362-8B48-8292-BD2B91273E5C}.Release|x64.Build.0 = Release|x64
		{227DC4BA-0362-8B48-8292-BD2B91273E5C}.Debug|Win32.ActiveCfg = Debug|Win32
		{227DC4BA-0362-8B48-8292-BD2B91273E5C}.Debug|Win32.Build.0 = Debug|Win32
		{227DC4BA-0362-8B48-8292-BD2B91273E5C}.Debug|x64.ActiveCfg = Debug|x64
		{227DC4BA-0362-8B48-8292-BD2B91273E5C}.Debug|x64.Build.0 = Debug|x64
		{522E8099-7F54-094D-9D32-8CFDBBA50DD6}.Release|Win32.ActiveCfg = Release|Win32
		{522E8099-7F54-094D-9D32-8CFDBBA50DD6}.Release|Win32.Build.0 = Release|Win32
		{522E8099-7F54-094D-9D32-8CFDBBA50DD6}.Release|x64.ActiveCfg = Release|x64
		{522E8099-7F54-094D-9D32-8CFDBBA50DD6}.Release|x64.Build.0 = Release|x64
		{522E8099-7F54-094D-9D32-8CFDBBA50DD6}.Debug|Win32.ActiveCfg = Debug|Win32
		{522E8099-7F54-094D-9D32-8CFDBBA50DD6}.Debug|Win32.Build.0 = Debug|Win32
		{522E8099-7F54-094D-9D32-8CFDBBA50DD6}.Debug|x64.ActiveCfg = Debug|x64
		{522E8099-7F54-094D-9D32-8CFDBBA50DD6}.Debug|x64.Build.0 = Debug|x64
		{93F21F0C-D998-A940-AC6D-A24AAA24A741}.Release|Win32.ActiveCfg = Release|Win32
		{93F21F0C-D998-A940-AC6D-A24AAA24A741}.Release|Win32.Build.0 = Release|Win32
		{93F21F0C-D998-A940-AC6D-A24AAA24A741}.Release|x64.ActiveCfg = Release|x64
		{93F21F0C-D998-A940-AC6D-A24AAA24A741}.Release|x64.Build.0 = Release|x64
		{93F21F0C-D998-A940-AC6D-A24AAA24A741}.Debug|Win32.ActiveCfg = Debug|Win32
		{93F21F0C-D998-A940-AC6D-A24AAA24A741}.Debug|Win32.Build.0 = Debug|Win32
		{93F21F0C-D998-A940-AC6D-A24AAA24A741}.Debug|x64.ActiveCfg = Debug|x64
		{93F21F0C-D998-A940-AC6D-A24AAA24A741}.Debug|x64.Build.0 = Debug|x64
		{F96FC11E-AAC6-B440-A0FB-940BF96A10CB}.Release|Win32.ActiveCfg = Release|Win32
		{F96FC11E-AAC6-B440-A0FB-940BF96A10CB}.Release|Win32.Build.0 = Release|Win32
		{F96FC11E-AAC6-B440-A0FB-940BF96A10CB}.Release|x64.ActiveCfg = Release|x64
		{F96FC11E-AAC6-B440-A0FB-940BF96A10CB}.Release|x64.Build.0 = Release|x64
		{F96FC11E-AAC6-B440-A0FB-940BF96A10CB}.Debug|Win32.ActiveCfg = Debug|Win32
		{F96FC11E-AAC6-B440-A0FB-940BF96A10CB}.Debug|Win32.Build.0 = Debug|Win32
		{F96FC11E-AAC6-B440-A0FB-940BF96A10CB}.Debug|x64.ActiveCfg = Debug|x64
		{F96FC11E-AAC6-B440-A0FB-940BF96A10CB}.Debug|x64.Build.0 = Debug|x64
		{C8464ED6-252A-CA4B-A035-9390B083306D}.Release|Win32.ActiveCfg = Release|Win32
		{C8464ED6-252A-CA4B-A035-9390B083306D}.Release|Win32.Build.0 = Release|Win32
		{C8464ED6-252A-CA4B-A035-9390B083306D}.Release|x64.ActiveCfg = Release|x64
		{C8464ED6-252A-CA4B-A035-9390B083306D}.Release|x64.Build.0 = Release|x64
		{C8464ED6-252A-CA4B-A035-9390B083306D}.Debug|Win32.ActiveCfg = Debug|Win32
		{C8464ED6-252A-CA4B-A035-9390B083306D}.Debug|Win32.Build.0 = Debug|Win32
		{C8464ED6-252A-CA4B-A035-9390B083306D}.Debug|x64.ActiveCfg = Debug|x64
		{C8464ED6-252A-CA4B-A035-9390B083306D}.Debug|x64.Build.0 = Debug|x64
		{A12C055A-636D-F947-919B-791EBCD8AD08}.Release|Win32.ActiveCfg = Release|Win32
		{A12C055A-636D-F947-919B-791EBCD8AD08}.Release|Win32.Build.0 = Release|Win32
		{A12C055A-636D-F947-919B-791EBCD8AD08}.Release|x64.ActiveCfg = Release|x64
		{A12C055A-636D-F947-919B-791EBCD8AD08}.Release|x64.Build.0 = Release|x64
		{A12C055A-636D-F947-919B-791EBCD8AD08}.Debug|Win32.ActiveCfg = Debug|Win32
		{A12C055A-636D-F947-919B-791EBCD8AD08}.Debug|Win32.Build.0 = Debug|Win32
		{A12C055A-636D-F947-919B-791EBCD8AD08}.Debug|x64.ActiveCfg = Debug|x64
		{A12C055A-636D-F947-919B-791EBCD8AD08}.Debug|x64.Build.0 = Debug|x64
		{685CEE83-A7A9-A447-8556-C5CFA9F1105B}.Release|Win32.ActiveCfg = Release|Win32
		{685CEE83-A7A9-A447-8556-C5CFA9F1105B}.Release|Win32.Build.0 = Release|Win32
		{685CEE83-A7A9-A447-8556-C5CFA9F1105B}.Release|x64.ActiveCfg = Release|x64
		{685CEE83-A7A9-A447-8556-C5CFA9F1105B}.Release|x64.Build.0 = Release|x64
		{685CEE83-A7A9-A447-8556-C5CFA9F1105B}.Debug|Win32.ActiveCfg = Debug|Win32
		{685CEE83-A7A9-A447-8556-C5CFA9F1105B}.Debug|Win32.Build.0 = Debug|Win32
		{685CEE83-A7A9-A447-8556-C5CFA9F1105B}.Debug|x64.ActiveCfg = Debug|x64
		{685CEE83-A7A9-A447-8556-C5CFA9F1105B}.Debug|x64.Build.0 = Debug|x64
		{E9946B36-750F-0F46-8DD1-F5754A6D5A8C}.Release|Win32.ActiveCfg = Release|Win32
		{E9946B36-750F-0F46-8DD1-F5754A6D5A8C}.Release|Win32.Build.0 = Release|Win32
		{E9946B36-750F-0F46-8DD1-F5754A6D5A8C}.Release|x64.ActiveCfg = Release|x64
		{E9946B36-750F-0F46-8DD1-F5754A6D5A8C}.Release|x64.Build.0 = Release|x64
		{E9946B36-750F-0F46-8DD1-F5754A6D5A8C}.Debug|Win32.ActiveCfg = Debug|Win32
		{E9946B36-750F-0F46-8DD1-F5754A6D5A8C}.Debug|Win32.Build.0 = Debug|Win32
		{E9946B36-750F-0F46-8DD1-F5754A6D5A8C}.Debug|x64.ActiveCfg = Debug|x64
		{E9946B36-750F-0F46-8DD1-F5754A6D5A8C}.Debug|x64.Build.0 = Debug|x64
		{992D938B-6627-B547-AAFC-E79966060970}.Release|Win32.ActiveCfg = Release|Win32
		{992D938B-6627-B547-AAFC-E79966060970}.Release|Win32.Build.0 = Release|Win32
		{992D938B-6627-B547-AAFC-E79966060970}.Release|x64.ActiveCfg = Release|x64
		{992D938B-6627-B547-AAFC-E79966060970}.Release|x64.Build.0 = Release|x64
		{992D938B-6627-B547-AAFC-E79966060970}.Debug|Win32.ActiveCfg = Debug|Win32
		{992D938B-6627-B547-AAFC-E79966060970}.Debug|Win32.Build.0 = Debug|Win32
		{992D938B-6627-B547-AAFC-E79966060970}.Debug|x64.ActiveCfg = Debug|x64
		{992D938B-6627-B547-AAFC-E79966060970}.Debug|x64.Build.0 = Debug|x64
		{B1DACBAA-F9EF-DB4B-8277-E673FBAD8EC7}.Release|Win32.ActiveCfg = Release|Win32
		{B1DACBAA-F9EF-DB4B-8277-E673FBAD8EC7}.Release|Win32.Build.0 = Release|Win32
		{B1DACBAA-F9EF-DB4B-8277-E673FBAD8EC7}.Release|x64.ActiveCfg = Release|x64
		{B1DACBAA-F9EF-DB4B-8277-E673FBAD8EC7}.Release|x64.Build.0 = Release|x64
		{B1DACBAA-F9EF-DB4B-8277-E673FBAD8EC7}.Debug|Win32.ActiveCfg = Debug|Win32
		{B1DACBAA-F9EF-DB4B-8277-E673FBAD8EC7}.Debug|Win32.Build.0 = Debug|Win32
		{B1DACBAA-F9EF-DB4B-8277-E673FBAD8EC7}.Debug|x64.ActiveCfg = Debug|x64
		{B1DACBAA-F9EF-DB4B-8277-E673FBAD8EC7}.Debug|x64.Build.0 = Debug|x64
		{C8A278E3-397F-B94A-A286-B8456FC4CB99}.Release|Win32.ActiveCfg = Release|Win32
		{C8A278E3-397F-B94A-A286-B8456FC4CB99}.Release|Win32.Build.0 = Release|Win32
		{C8A278E3-397F-B94A-A286-B8456FC4CB99}.Release|x64.ActiveCfg = Release|x64
		{C8A278E3-397F-B94A-A286-B8456FC4CB99}.Release|x64.Build.0 = Release|x64
		{C8A278E3-397F-B94A-A286-B8456FC4CB99}.Debug|Win32.ActiveCfg = Debug|Win32
		{C8A278E3-397F-B94A-A286-B8456FC4CB99}.Debug|Win32.Build.0 = Debug|Win32
		{C8A278E3-397F-B94A-A286-B8456FC4CB99}.Debug|x64.ActiveCfg = Debug|x64
		{C8A278E3-397F-B94A-A286-B8456FC4CB99}.Debug|x64.Build.0 = Debug|x64
		{5D08FBFD-1376-E14C-9A2B-7D1319C0D1C5}.Release|Win32.ActiveCfg = Release|Win32
		{5D08FBFD-1376-E14C-9A2B-7D1319C0D1C5}.Release|Win32.Build.0 = Release|Win32
		{5D08FBFD-1376-E14C-9A2B-7D1319C0D1C5}.Release|x64.ActiveCfg = Release|x64
		{5D08FBFD-1376-E14C-9A2B-7D1319C0D1C5}.Release|x64.Build.0 = Release|x64
		{5D08FBFD-1376-E14C-9A2B-7D1319C0D1C5}.Debug|Win32.ActiveCfg = Debug|Win32
		{5D08FBFD-1376-E14C-9A2B-7D1319C0D1C5}.Debug|Win32.Build.0 = Debug|Win32
		{5D08FBFD-1376-E14C-9A2B-7D1319C0D1C5}.Debug|x64.ActiveCfg = Debug|x64
		{5D08FBFD-1376-E14C-9A2B-7D1319C0D1C5}.Debug|x64.Build.0 = Debug|x64
		{FD0400FC-6004-CE4A-B2AC-028D23C0865B}.Release|Win32.ActiveCfg = Release|Win32
		{FD0400FC-6004-CE4A-B2AC-028D23C0865B}.Release|Win32.Build.0 = Release|Win32
		{FD0400FC-6004-CE4A-B2AC-028D23C0865B}.Release|x64.ActiveCfg = Release|x64
		{FD0400FC-6004-CE4A-B2AC-028D23C0865B}.Release|x64.Build.0 = Release|x64
		{FD0400FC-6004-CE4A-B2AC-028D23C0865B}.Debug|Win32.ActiveCfg = Debug|Win32
		{FD0400FC-6004-CE4A-B2AC-028D23C0865B}.Debug|Win32.Build.0 = Debug|Win32
		{FD0400FC-6004-CE4A-B2AC-028D23C0865B}.Debug|x64.ActiveCfg = Debug|x64
		{FD0400FC-6004-CE4A-B2AC-028D23C0865B}.Debug|x64.Build.0 = Debug|x64
		{C1BEA8CA-C962-794D-80A2-CAAA6A9FFBDB}.Release|Win32.ActiveCfg = Release|Win32
		{C1BEA8CA-C962-794D-80A2-CAAA6A9FFBDB}.Release|Win32.Build.0 = Release|Win32
		{C1BEA8CA-C962-794D-80A2-CAAA6A9FFBDB}.Release|x64.ActiveCfg = Release|x64
		{C1BEA8CA-C962-794D-80A2-CAAA6A9FFBDB}.Release|x64.Build.0 = Release|x64
		{C1BEA8CA-C962-794D-80A2-CAAA6A9FFBDB}.Debug|Win32.ActiveCfg = Debug|Win32
		{C1BEA8CA-C962-794D-80A2-CAAA6A9FFBDB}.Debug|Win32.Build.0 = Debug|Win32
		{C1BEA8CA-C962-794D-80A2-CAAA6A9FFBDB}.Debug|x64.ActiveCfg = Debug|x64
		{C1BEA8CA-C962-794D-80A2-CAAA6A9FFBDB}.Debug|x64.Build.0 = Debug|x64
		{91BCA4D7-48FA-014A-93E0-619BDCC0BB3F}.Release|Win32.ActiveCfg = Release|Win32
		{91BCA4D7-48FA-014A-93E0-619BDCC0BB3F}.Release|Win32.Build.0 = Release|Win32
		{91BCA4D7-48FA-014A-93E0-619BDCC0BB3F}.Release|x64.ActiveCfg = Release|x64
		{91BCA4D7-48FA-014A-93E0-619BDCC0BB3F}.Release|x64.Build.0 = Release|x64
		{91BCA4D7-48FA-014A-93E0-619BDCC0BB3F}.Debug|Win32.ActiveCfg = Debug|Win32
		{91BCA4D7-48FA-014A-93E0-619BDCC0BB3F}.Debug|Win32.Build.0 = Debug|Win32
		{91BCA4D7-48FA-014A-93E0-619BDCC0BB3F}.Debug|x64.ActiveCfg = Debug|x64
		{91BCA4D7-48FA-014A-93E0-619BDCC0BB3F}.Debug|x64.Build.0 = Debug|x64
		{DEE8F51F-984D-464E-989A-A5D4503EC2AE}.Release|Win32.ActiveCfg = Release|Win32
		{DEE8F51F-984D-464E-989A-A5D4503EC2AE}.Release|Win32.Build.0 = Release|Win32
		{DEE8F51F-984D-464E-989A-A5D4503EC2AE}.Release|x64.ActiveCfg = Release|x64
		{DEE8F51F-984D-464E-989A-A5D4503EC2AE}.Release|x64.Build.0 = Release|x64
		{DEE8F51F-984D-464E-989A-A5D4503EC2AE}.Debug|Win32.ActiveCfg = Debug|Win32
		{DEE8F51F-984D-464E-989A-A5D4503EC2AE}.Debug|Win32.Build.0 = Debug|Win32
		{DEE8F51F-984D-464E-989A-A5D4503EC2AE}.Debug|x64.ActiveCfg = Debug|x64
		{DEE8F51F-984D-464E-989A-A5D4503EC2AE}.Debug|x64.Build.0 = Debug|x64
		{BEBD2116-C9EF-9549-91C1-DC7EB62B0734}.Release|Win32.ActiveCfg = Release|Win32
		{BEBD2116-C9EF-9549-91C1-DC7EB62B0734}.Release|Win32.Build.0 = Release|Win32
		{BEBD2116-C9EF-9549-91C1-DC7EB62B0734}.Release|x64.ActiveCfg = Release|x64
		{BEBD2116-C9EF-9549-91C1-DC7EB62B0734}.Release|x64.Build.0 = Release|x64
		{BEBD2116-C9EF-9549-91C1-DC7EB62B0734}.Debug|Win32.ActiveCfg = Debug|Win32
		{BEBD2116-C9EF-9549-91C1-DC7EB62B0734}.Debug|Win32.Build.0 = Debug|Win32
		{BEBD2116-C9EF-9549-91C1-DC7EB62B0734}.Debug|x64.ActiveCfg = Debug|x64
		{BEBD2116-C9EF-9549-91C1-DC7EB62B0734}.Debug|x64.Build.0 = Debug|x64
		{73DC9080-3628-1643-BC07-CF6C0A9138ED}.Release|Win32.ActiveCfg = Release|Win32
		{73DC9080-3628-1643-BC07-CF6C0A9138ED}.Release|Win32.Build.0 = Release|Win32
		{73DC9080-3628-1643-BC07-CF6C0A9138ED}.Release|x64.ActiveCfg = Release|x64
		{73DC9080-3628-1643-BC07-CF6C0A9138ED}.Release|x64.Build.0 = Release|x64
		{73DC9080-3628-1643-BC07-CF6C0A9138ED}.Debug|Win32.ActiveCfg = Debug|Win32
		{73DC9080-3628-1643-BC07-CF6C0A9138ED}.Debug|Win32.Build.0 = Debug|Win32
		{73DC9080-3628-1643-BC07-CF6C0A9138ED}.Debug|x64.ActiveCfg = Debug|x64
		{73DC9080-3628-1643-BC07-CF6C0A9138ED}.Debug|x64.Build.0 = Debug|x64
		{451286A3-72C5-424F-8EEE-06607AB934B4}.Release|Win32.ActiveCfg = Release|Win32
		{451286A3-72C5-424F-8EEE-06607AB934B4}.Release|Win32.Build.0 = Release|Win32
		{451286A3-72C5-424F-8EEE-06607AB934B4}.Release|x64.ActiveCfg = Release|x64
		{451286A3-72C5-424F-8EEE-06607AB934B4}.Release|x64.Build.0 = Release|x64
		{451286A3-72C5-424F-8EEE-06607AB934B4}.Debug|Win32.ActiveCfg = Debug|Win32
		{451286A3-72C5-424F-8EEE-06607AB934B4}.Debug|Win32.Build.0 = Debug|Win32
		{451286A3-72C5-424F-8EEE-06607AB934B4}.Debug|x64.ActiveCfg = Debug|x64
		{451286A3-72C5-424F-8EEE-06607AB934B4}.Debug|x64.Build.0 = Debug|x64
		{9068CAEC-6335-0D41-B5EE-861C2730824A}.Release|Win32.ActiveCfg = Release|Win32
		{9068CAEC-6335-0D41-B5EE-861C2730824A}.Release|Win32.Build.0 = Release|Win32
		{9068CAEC-6335-0D41-B5EE-861C2730824A}.Release|x64.ActiveCfg = Release|x64
		{9068CAEC-6335-0D41-B5EE-861C2730824A}.Release|x64.Build.0 = Release|x64
		{9068CAEC-6335-0D41-B5EE-861C2730824A}.Debug|Win32.ActiveCfg = Debug|Win32
		{9068CAEC-6335-0D41-B5EE-861C2730824A}.Debug|Win32.Build.0 = Debug|Win32
		{9068CAEC-6335-0D41-B5EE-861C2730824A}.Debug|x64.ActiveCfg = Debug|x64
		{9068CAEC-6335-0D41-B5EE-861C2730824A}.Debug|x64.Build.0 = Debug|x64
		{F397CC93-F3FA-8446-8BBC-E27606464971}.Release|Win32.ActiveCfg = Release|Win32
		{F397CC93-F3FA-8446-8BBC-E27606464971}.Release|Win32.Build.0 = Release|Win32
		{F397CC93-F3FA-8446-8BBC-E27606464971}.Release|x64.ActiveCfg = Release|x64
		{F397CC93-F3FA-8446-8BBC-E27606464971}.Release|x64.Build.0 = Release|x64
		{F397CC93-F3FA-8446-8BBC-E27606464971}.Debug|Win32.ActiveCfg = Debug|Win32
		{F397CC93-F3FA-8446-8BBC-E27606464971}.Debug|Win32.Build.0 = Debug|Win32
		{F397CC93-F3FA-8446-8BBC-E27606464971}.Debug|x64.ActiveCfg = Debug|x64
		{F397CC93-F3FA-8446-8BBC-E27606464971}.Debug|x64.Build.0 = Debug|x64
		{9326FCE8-BFD8-F14D-BB59-D6A1AB26226C}.Release|Win32.ActiveCfg = Release|Win32
		{9326FCE8-BFD8-F14D-BB59-D6A1AB26226C}.Release|Win32.Build.0 = Release|Win32
		{9326FCE8-BFD8-F14D-BB59-D6A1AB26226C}.Release|x64.ActiveCfg = Release|x64
		{9326FCE8-BFD8-F14D-BB59-D6A1AB26226C}.Release|x64.Build.0 = Release|x64
		{9326FCE8-BFD8-F14D-BB59-D6A1AB26226C}.Debug|Win32.ActiveCfg = Debug|Win32
		{9326FCE8-BFD8-F14D-BB59-D6A1AB26226C}.Debug|Win32.Build.0 = Debug|Win32
		{9326FCE8-BFD8-F14D-BB59-D6A1AB26226C}.Debug|x64.ActiveCfg = Debug|x64
		{9326FCE8-BFD8-F14D-BB59-D6A1AB26226C}.Debug|x64.Build.0 = Debug|x64
		{8F114386-F6CF-BA45-BF5A-D477A80AE521}.Release|Win32.ActiveCfg = Release|Win32
		{8F114386-F6CF-BA45-BF5A-D477A80AE521}.Release|Win32.Build.0 = Release|Win32
		{8F114386-F6CF-BA45-BF5A-D477A80AE521}.Release|x64.ActiveCfg = Release|x64
		{8F114386-F6CF-BA45-BF5A-D477A80AE521}.Release|x64.Build.0 = Release|x64
		{8F114386-F6CF-BA45-BF5A-D477A80AE521}.Debug|Win32.ActiveCfg = Debug|Win32
		{8F114386-F6CF-BA45-BF5A-D477A80AE521}.Debug|Win32.Build.0 = Debug|Win32
		{8F114386-F6CF-BA45-BF5A-D477A80AE521}.Debug|x64.ActiveCfg = Debug|x64
		{8F114386-F6CF-BA45-BF5A-D477A80AE521}.Debug|x64.Build.0 = Debug|x64
		{7C3A0F8A-2319-2741-8AAC-0180A7BDBAD8}.Release|Win32.ActiveCfg = Release|Win32
		{7C3A0F8A-2319-2741-8AAC-0180A7BDBAD8}.Release|Win32.Build.0 = Release|Win32
		{7C3A0F8A-2319-2741-8AAC-0180A7BDBAD8}.Release|x64.ActiveCfg = Release|x64
		{7C3A0F8A-2319-2741-8AAC-0180A7BDBAD8}.Release|x64.Build.0 = Release|x64
		{7C3A0F8A-2319-2741-8AAC-0180A7BDBAD8}.Debug|Win32.ActiveCfg = Debug|Win32
		{7C3A0F8A-2319-2741-8AAC-0180A7BDBAD8}.Debug|Win32.Build.0 = Debug|Win32
		{7C3A0F8A-2319-2741-8AAC-0180A7BDBAD8}.Debug|x64.ActiveCfg = Debug|x64
		{7C3A0F8A-2319-2741-8AAC-0180A7BDBAD8}.Debug|x64.Build.0 = Debug|x64
		{1C52D459-58D6-3947-8890-9D116C4B5F4D}.Release|Win32.ActiveCfg = Release|Win32
		{1C52D459-58D6-3947-8890-9D116C4B5F4D}.Release|Win32.Build.0 = Release|Win32
		{1C52D459-58D6-3947-8890-9D116C4B5F4D}.Release|x64.ActiveCfg = Release|x64
		{1C52D459-58D6-3947-8890-9D116C4B5F4D}.Release|x64.Build.0 = Release|x64
		{1C52D459-58D6-3947-8890-9D116C4B5F4D}.Debug|Win32.ActiveCfg = Debug|Win32
		{1C52D459-58D6-3947-8890-9D116C4B5F4D}.Debug|Win32.Build.0 = Debug|Win32
		{1C52D459-58D6-3947-8890-9D116C4B5F4D}.Debug|x64.ActiveCfg = Debug|x64
		{1C52D459-58D6-3947-8890-9D116C4B5F4D}.Debug|x64.Build.0 = Debug|x64
	EndGlobalSection
	GlobalSection(SolutionProperties) = preSolution
		HideSolutionNode = FALSE
	EndGlobalSection
EndGlobal
