<?xml version="1.0" encoding="utf-8"?>
<Project ToolsVersion="4.0" xmlns="http://schemas.microsoft.com/developer/msbuild/2003">
  <ItemGroup>
    <Filter Include="examples">
      <UniqueIdentifier>{B170256D-E1AE-6B42-B1C4-AFB3C8C5B8A8}</UniqueIdentifier>
    </Filter>
    <Filter Include="examples\ThirdPartyLibs">
      <UniqueIdentifier>{F1E57043-9DF4-584B-A1F9-2181EFD7FB91}</UniqueIdentifier>
    </Filter>
    <Filter Include="examples\ThirdPartyLibs\Glew">
      <UniqueIdentifier>{F0B7F015-85B1-6243-A084-848D6C8D60D7}</UniqueIdentifier>
    </Filter>
    <Filter Include="examples\BasicDemo">
      <UniqueIdentifier>{78C3E1B9-D555-7646-BF82-BB44DF6FD27C}</UniqueIdentifier>
    </Filter>
    <Filter Include="examples\StandaloneMain">
      <UniqueIdentifier>{4A3D3A2A-4984-AE41-BBB9-AF126C405DFD}</UniqueIdentifier>
    </Filter>
    <Filter Include="examples\CommonInterfaces">
      <UniqueIdentifier>{0D130FF7-1A82-0E49-8336-3E5381817FF7}</UniqueIdentifier>
    </Filter>
    <Filter Include="examples\ExampleBrowser">
      <UniqueIdentifier>{381E9257-CCFF-1B46-90C1-4888FF1D1D30}</UniqueIdentifier>
    </Filter>
    <Filter Include="examples\ThirdPartyLibs\openvr">
      <UniqueIdentifier>{C4C80F4C-97A1-B24E-B623-4320501D104B}</UniqueIdentifier>
    </Filter>
    <Filter Include="examples\ThirdPartyLibs\openvr\samples">
      <UniqueIdentifier>{7277D217-23DB-7D4A-A1D9-732268484B1D}</UniqueIdentifier>
    </Filter>
    <Filter Include="examples\ThirdPartyLibs\openvr\samples\shared">
      <UniqueIdentifier>{F2AC5394-3315-2B4B-BC69-0ACAD8D3704D}</UniqueIdentifier>
    </Filter>
    <Filter Include="examples\Utils">
      <UniqueIdentifier>{F2538B90-C1B6-B543-87D1-33C06D8A6556}</UniqueIdentifier>
    </Filter>
  </ItemGroup>
  <ItemGroup>
    <ClInclude Include="..\..\examples\BasicDemo\BasicExample.h">
      <Filter>examples\BasicDemo</Filter>
    </ClInclude>
    <ClInclude Include="..\..\examples\CommonInterfaces\Common2dCanvasInterface.h">
      <Filter>examples\CommonInterfaces</Filter>
    </ClInclude>
    <ClInclude Include="..\..\examples\CommonInterfaces\CommonCameraInterface.h">
      <Filter>examples\CommonInterfaces</Filter>
    </ClInclude>
    <ClInclude Include="..\..\examples\CommonInterfaces\CommonExampleInterface.h">
      <Filter>examples\CommonInterfaces</Filter>
    </ClInclude>
    <ClInclude Include="..\..\examples\CommonInterfaces\CommonGraphicsAppInterface.h">
      <Filter>examples\CommonInterfaces</Filter>
    </ClInclude>
    <ClInclude Include="..\..\examples\CommonInterfaces\CommonGUIHelperInterface.h">
      <Filter>examples\CommonInterfaces</Filter>
    </ClInclude>
    <ClInclude Include="..\..\examples\CommonInterfaces\CommonMultiBodyBase.h">
      <Filter>examples\CommonInterfaces</Filter>
    </ClInclude>
    <ClInclude Include="..\..\examples\CommonInterfaces\CommonParameterInterface.h">
      <Filter>examples\CommonInterfaces</Filter>
    </ClInclude>
    <ClInclude Include="..\..\examples\CommonInterfaces\CommonRenderInterface.h">
      <Filter>examples\CommonInterfaces</Filter>
    </ClInclude>
    <ClInclude Include="..\..\examples\CommonInterfaces\CommonRigidBodyBase.h">
      <Filter>examples\CommonInterfaces</Filter>
    </ClInclude>
    <ClInclude Include="..\..\examples\CommonInterfaces\CommonWindowInterface.h">
      <Filter>examples\CommonInterfaces</Filter>
    </ClInclude>
    <ClInclude Include="..\..\examples\ThirdPartyLibs\openvr\samples\shared\lodepng.h">
      <Filter>examples\ThirdPartyLibs\openvr\samples\shared</Filter>
    </ClInclude>
    <ClInclude Include="..\..\examples\ThirdPartyLibs\openvr\samples\shared\Matrices.h">
      <Filter>examples\ThirdPartyLibs\openvr\samples\shared</Filter>
    </ClInclude>
    <ClInclude Include="..\..\examples\ThirdPartyLibs\openvr\samples\shared\pathtools.h">
      <Filter>examples\ThirdPartyLibs\openvr\samples\shared</Filter>
    </ClInclude>
    <ClInclude Include="..\..\examples\ThirdPartyLibs\openvr\samples\shared\Vectors.h">
      <Filter>examples\ThirdPartyLibs\openvr\samples\shared</Filter>
    </ClInclude>
    <ClInclude Include="..\..\examples\Utils\b3Clock.h">
      <Filter>examples\Utils</Filter>
    </ClInclude>
    <ClInclude Include="..\..\examples\Utils\ChromeTraceUtil.h">
      <Filter>examples\Utils</Filter>
    </ClInclude>
  </ItemGroup>
  <ItemGroup>
    <ClCompile Include="..\..\examples\ThirdPartyLibs\Glew\glew.c">
      <Filter>examples\ThirdPartyLibs\Glew</Filter>
    </ClCompile>
    <ClCompile Include="..\..\examples\BasicDemo\BasicExample.cpp">
      <Filter>examples\BasicDemo</Filter>
    </ClCompile>
    <ClCompile Include="..\..\examples\StandaloneMain\hellovr_opengl_main.cpp">
      <Filter>examples\StandaloneMain</Filter>
    </ClCompile>
    <ClCompile Include="..\..\examples\ExampleBrowser\OpenGLGuiHelper.cpp">
      <Filter>examples\ExampleBrowser</Filter>
    </ClCompile>
    <ClCompile Include="..\..\examples\ExampleBrowser\GL_ShapeDrawer.cpp">
      <Filter>examples\ExampleBrowser</Filter>
    </ClCompile>
    <ClCompile Include="..\..\examples\ExampleBrowser\CollisionShape2TriangleMesh.cpp">
      <Filter>examples\ExampleBrowser</Filter>
    </ClCompile>
    <ClCompile Include="..\..\examples\ThirdPartyLibs\openvr\samples\shared\lodepng.cpp">
      <Filter>examples\ThirdPartyLibs\openvr\samples\shared</Filter>
    </ClCompile>
    <ClCompile Include="..\..\examples\ThirdPartyLibs\openvr\samples\shared\Matrices.cpp">
      <Filter>examples\ThirdPartyLibs\openvr\samples\shared</Filter>
    </ClCompile>
    <ClCompile Include="..\..\examples\ThirdPartyLibs\openvr\samples\shared\pathtools.cpp">
      <Filter>examples\ThirdPartyLibs\openvr\samples\shared</Filter>
    </ClCompile>
    <ClCompile Include="..\..\examples\Utils\b3Clock.cpp">
      <Filter>examples\Utils</Filter>
    </ClCompile>
    <ClCompile Include="..\..\examples\Utils\ChromeTraceUtil.cpp">
      <Filter>examples\Utils</Filter>
    </ClCompile>
  </ItemGroup>
</Project>
