<?xml version="1.0" encoding="utf-8"?>
<Project ToolsVersion="4.0" xmlns="http://schemas.microsoft.com/developer/msbuild/2003">
  <ItemGroup>
    <Filter Include="examples">
      <UniqueIdentifier>{D90A0A95-CEAF-9743-AB5D-B03603415C77}</UniqueIdentifier>
    </Filter>
    <Filter Include="examples\ThirdPartyLibs">
      <UniqueIdentifier>{E4DA38FF-309D-4345-B145-884C93600306}</UniqueIdentifier>
    </Filter>
    <Filter Include="examples\ThirdPartyLibs\enet">
      <UniqueIdentifier>{88323545-37CF-C741-B24E-D790C74F2C13}</UniqueIdentifier>
    </Filter>
    <Filter Include="examples\ThirdPartyLibs\enet\include">
      <UniqueIdentifier>{AB4B319E-2B56-0544-AB66-5CA58D9C7BB8}</UniqueIdentifier>
    </Filter>
    <Filter Include="examples\ThirdPartyLibs\enet\include\enet">
      <UniqueIdentifier>{E724C909-F411-804E-BC54-1C0D76914F08}</UniqueIdentifier>
    </Filter>
  </ItemGroup>
  <ItemGroup>
    <ClInclude Include="..\..\examples\ThirdPartyLibs\enet\include\enet\callbacks.h">
      <Filter>examples\ThirdPartyLibs\enet\include\enet</Filter>
    </ClInclude>
    <ClInclude Include="..\..\examples\ThirdPartyLibs\enet\include\enet\enet.h">
      <Filter>examples\ThirdPartyLibs\enet\include\enet</Filter>
    </ClInclude>
    <ClInclude Include="..\..\examples\ThirdPartyLibs\enet\include\enet\list.h">
      <Filter>examples\ThirdPartyLibs\enet\include\enet</Filter>
    </ClInclude>
    <ClInclude Include="..\..\examples\ThirdPartyLibs\enet\include\enet\protocol.h">
      <Filter>examples\ThirdPartyLibs\enet\include\enet</Filter>
    </ClInclude>
    <ClInclude Include="..\..\examples\ThirdPartyLibs\enet\include\enet\time.h">
      <Filter>examples\ThirdPartyLibs\enet\include\enet</Filter>
    </ClInclude>
    <ClInclude Include="..\..\examples\ThirdPartyLibs\enet\include\enet\types.h">
      <Filter>examples\ThirdPartyLibs\enet\include\enet</Filter>
    </ClInclude>
    <ClInclude Include="..\..\examples\ThirdPartyLibs\enet\include\enet\unix.h">
      <Filter>examples\ThirdPartyLibs\enet\include\enet</Filter>
    </ClInclude>
    <ClInclude Include="..\..\examples\ThirdPartyLibs\enet\include\enet\utility.h">
      <Filter>examples\ThirdPartyLibs\enet\include\enet</Filter>
    </ClInclude>
    <ClInclude Include="..\..\examples\ThirdPartyLibs\enet\include\enet\win32.h">
      <Filter>examples\ThirdPartyLibs\enet\include\enet</Filter>
    </ClInclude>
  </ItemGroup>
  <ItemGroup>
    <ClCompile Include="..\..\examples\ThirdPartyLibs\enet\win32.c">
      <Filter>examples\ThirdPartyLibs\enet</Filter>
    </ClCompile>
    <ClCompile Include="..\..\examples\ThirdPartyLibs\enet\callbacks.c">
      <Filter>examples\ThirdPartyLibs\enet</Filter>
    </ClCompile>
    <ClCompile Include="..\..\examples\ThirdPartyLibs\enet\compress.c">
      <Filter>examples\ThirdPartyLibs\enet</Filter>
    </ClCompile>
    <ClCompile Include="..\..\examples\ThirdPartyLibs\enet\host.c">
      <Filter>examples\ThirdPartyLibs\enet</Filter>
    </ClCompile>
    <ClCompile Include="..\..\examples\ThirdPartyLibs\enet\list.c">
      <Filter>examples\ThirdPartyLibs\enet</Filter>
    </ClCompile>
    <ClCompile Include="..\..\examples\ThirdPartyLibs\enet\packet.c">
      <Filter>examples\ThirdPartyLibs\enet</Filter>
    </ClCompile>
    <ClCompile Include="..\..\examples\ThirdPartyLibs\enet\peer.c">
      <Filter>examples\ThirdPartyLibs\enet</Filter>
    </ClCompile>
    <ClCompile Include="..\..\examples\ThirdPartyLibs\enet\protocol.c">
      <Filter>examples\ThirdPartyLibs\enet</Filter>
    </ClCompile>
  </ItemGroup>
</Project>
