<?xml version="1.0" encoding="utf-8"?>
<Project ToolsVersion="4.0" xmlns="http://schemas.microsoft.com/developer/msbuild/2003">
  <ItemGroup>
    <Filter Include="examples">
      <UniqueIdentifier>{2B5D2F5D-4405-B642-978D-B5C67CEE3B47}</UniqueIdentifier>
    </Filter>
    <Filter Include="examples\ThirdPartyLibs">
      <UniqueIdentifier>{218C3329-838B-4E45-A1BB-E0DB2E40BBC8}</UniqueIdentifier>
    </Filter>
    <Filter Include="examples\ThirdPartyLibs\midi">
      <UniqueIdentifier>{1A020D3D-5AB9-5544-8062-B7324692815F}</UniqueIdentifier>
    </Filter>
  </ItemGroup>
  <ItemGroup>
    <ClInclude Include="..\..\examples\ThirdPartyLibs\midi\RtError.h">
      <Filter>examples\ThirdPartyLibs\midi</Filter>
    </ClInclude>
    <ClInclude Include="..\..\examples\ThirdPartyLibs\midi\RtMidi.h">
      <Filter>examples\ThirdPartyLibs\midi</Filter>
    </ClInclude>
  </ItemGroup>
  <ItemGroup>
    <ClCompile Include="..\..\examples\ThirdPartyLibs\midi\cmidiin.cpp">
      <Filter>examples\ThirdPartyLibs\midi</Filter>
    </ClCompile>
    <ClCompile Include="..\..\examples\ThirdPartyLibs\midi\RtMidi.cpp">
      <Filter>examples\ThirdPartyLibs\midi</Filter>
    </ClCompile>
  </ItemGroup>
</Project>
