<?xml version="1.0" encoding="utf-8"?>
<Project ToolsVersion="4.0" xmlns="http://schemas.microsoft.com/developer/msbuild/2003">
  <ItemGroup>
    <Filter Include="test">
      <UniqueIdentifier>{B45746A4-7878-774A-BEDF-01C9962DBF1D}</UniqueIdentifier>
    </Filter>
    <Filter Include="test\enet">
      <UniqueIdentifier>{CC1AA112-BE35-1C42-99DE-616776FA80FE}</UniqueIdentifier>
    </Filter>
    <Filter Include="test\enet\nat_punchthrough">
      <UniqueIdentifier>{75051C99-674D-5844-B76F-274360E13F63}</UniqueIdentifier>
    </Filter>
    <Filter Include="test\enet\nat_punchthrough\server">
      <UniqueIdentifier>{D8B7D370-C645-C148-A462-870310A69812}</UniqueIdentifier>
    </Filter>
  </ItemGroup>
  <ItemGroup>
    <ClCompile Include="..\..\test\enet\nat_punchthrough\server\main.cpp">
      <Filter>test\enet\nat_punchthrough\server</Filter>
    </ClCompile>
  </ItemGroup>
</Project>
